// !$*UTF8*$!
{
	archiveVersion = 1;
	classes = {
	};
	objectVersion = 56;
	objects = {

/* Begin PBXBuildFile section */
		6968E9122C14DE7C003941DE /* Conversations.swift in Sources */ = {isa = PBXBuildFile; fileRef = 6968E9112C14DE7C003941DE /* Conversations.swift */; };
		6968E9142C14DE9C003941DE /* Conversation.swift in Sources */ = {isa = PBXBuildFile; fileRef = 6968E9132C14DE9C003941DE /* Conversation.swift */; };
		6968E9162C14E662003941DE /* PushSettings.swift in Sources */ = {isa = PBXBuildFile; fileRef = 6968E9152C14E662003941DE /* PushSettings.swift */; };
		6968E9182C14E6A1003941DE /* CanWrite.swift in Sources */ = {isa = PBXBuildFile; fileRef = 6968E9172C14E6A1003941DE /* CanWrite.swift */; };
		6968E91A2C14E7A6003941DE /* ChatSettings.swift in Sources */ = {isa = PBXBuildFile; fileRef = 6968E9192C14E7A6003941DE /* ChatSettings.swift */; };
		6968E91C2C14E83A003941DE /* ChatPhoto.swift in Sources */ = {isa = PBXBuildFile; fileRef = 6968E91B2C14E83A003941DE /* ChatPhoto.swift */; };
		6968E91E2C15A840003941DE /* MessageAvatar.swift in Sources */ = {isa = PBXBuildFile; fileRef = 6968E91D2C15A840003941DE /* MessageAvatar.swift */; };
		6968E9202C15B3EF003941DE /* MessageProfileInfo.swift in Sources */ = {isa = PBXBuildFile; fileRef = 6968E91F2C15B3EF003941DE /* MessageProfileInfo.swift */; };
		6968E9222C15B48C003941DE /* OnlineInfo.swift in Sources */ = {isa = PBXBuildFile; fileRef = 6968E9212C15B48C003941DE /* OnlineInfo.swift */; };
		8608162C2A2756CD00AF16C7 /* MessengerPage.swift in Sources */ = {isa = PBXBuildFile; fileRef = 8608162B2A2756CD00AF16C7 /* MessengerPage.swift */; };
		86088CCF2B7774750010D6F0 /* Group.swift in Sources */ = {isa = PBXBuildFile; fileRef = 86088CCE2B7774750010D6F0 /* Group.swift */; };
		86088CD12B7774AE0010D6F0 /* Groups.swift in Sources */ = {isa = PBXBuildFile; fileRef = 86088CD02B7774AE0010D6F0 /* Groups.swift */; };
		86088CD42B7783A40010D6F0 /* Sticker.swift in Sources */ = {isa = PBXBuildFile; fileRef = 86088CD32B7783A40010D6F0 /* Sticker.swift */; };
		86088CD72B778F8C0010D6F0 /* MessageContext.swift in Sources */ = {isa = PBXBuildFile; fileRef = 86088CD62B778F8C0010D6F0 /* MessageContext.swift */; };
		86088CD92B7790AB0010D6F0 /* MessageStyles.swift in Sources */ = {isa = PBXBuildFile; fileRef = 86088CD82B7790AB0010D6F0 /* MessageStyles.swift */; };
		8617DCCF2A3185010099E3C1 /* VKAuthWebView.swift in Sources */ = {isa = PBXBuildFile; fileRef = 8617DCCE2A3185010099E3C1 /* VKAuthWebView.swift */; };
		8617DCD12A31857F0099E3C1 /* UserInfo.swift in Sources */ = {isa = PBXBuildFile; fileRef = 8617DCD02A31857F0099E3C1 /* UserInfo.swift */; };
		861BD67A2A2D06DC002F5404 /* UserProfile.swift in Sources */ = {isa = PBXBuildFile; fileRef = 861BD6792A2D06DC002F5404 /* UserProfile.swift */; };
		861BD67C2A2D0FC0002F5404 /* ProfileButtonLabel.swift in Sources */ = {isa = PBXBuildFile; fileRef = 861BD67B2A2D0FC0002F5404 /* ProfileButtonLabel.swift */; };
		861BD67E2A2D1170002F5404 /* ProfileButtonsBar.swift in Sources */ = {isa = PBXBuildFile; fileRef = 861BD67D2A2D1170002F5404 /* ProfileButtonsBar.swift */; };
		861BD6802A2D1E6E002F5404 /* HorizontalProfileAttachments.swift in Sources */ = {isa = PBXBuildFile; fileRef = 861BD67F2A2D1E6E002F5404 /* HorizontalProfileAttachments.swift */; };
		8623F9702A30169C00270CD5 /* Extensions.swift in Sources */ = {isa = PBXBuildFile; fileRef = 8623F96F2A30169C00270CD5 /* Extensions.swift */; };
		8624F3DC2A266C1F00FA20B1 /* ConversationsPage.swift in Sources */ = {isa = PBXBuildFile; fileRef = 8624F3DB2A266C1F00FA20B1 /* ConversationsPage.swift */; };
		8624F3DE2A266CE900FA20B1 /* Settings.swift in Sources */ = {isa = PBXBuildFile; fileRef = 8624F3DD2A266CE900FA20B1 /* Settings.swift */; };
		8624F3E02A266D2A00FA20B1 /* FriendsPage.swift in Sources */ = {isa = PBXBuildFile; fileRef = 8624F3DF2A266D2A00FA20B1 /* FriendsPage.swift */; };
		8624F3E22A266E7F00FA20B1 /* ConversationItem.swift in Sources */ = {isa = PBXBuildFile; fileRef = 8624F3E12A266E7F00FA20B1 /* ConversationItem.swift */; };
		8624F3E52A26748700FA20B1 /* UserOnlineStatus.swift in Sources */ = {isa = PBXBuildFile; fileRef = 8624F3E42A26748700FA20B1 /* UserOnlineStatus.swift */; };
		8624F3EB2A26C36800FA20B1 /* ReadStatus.swift in Sources */ = {isa = PBXBuildFile; fileRef = 8624F3EA2A26C36800FA20B1 /* ReadStatus.swift */; };
		862588CA2B8A967B00BAFA29 /* GlobalUIStates.swift in Sources */ = {isa = PBXBuildFile; fileRef = 862588C92B8A967B00BAFA29 /* GlobalUIStates.swift */; };
		862588CC2B8AA16200BAFA29 /* DialogViewModel.swift in Sources */ = {isa = PBXBuildFile; fileRef = 862588CB2B8AA16200BAFA29 /* DialogViewModel.swift */; };
		862588CE2B8AB5D200BAFA29 /* SwiftVKSingletone.swift in Sources */ = {isa = PBXBuildFile; fileRef = 862588CD2B8AB5D200BAFA29 /* SwiftVKSingletone.swift */; };
		862588D02B8AC80200BAFA29 /* MessageViewModel.swift in Sources */ = {isa = PBXBuildFile; fileRef = 862588CF2B8AC80200BAFA29 /* MessageViewModel.swift */; };
		862588D22B8AD0ED00BAFA29 /* Attachments.swift in Sources */ = {isa = PBXBuildFile; fileRef = 862588D12B8AD0ED00BAFA29 /* Attachments.swift */; };
		862588D42B8B581300BAFA29 /* StickerAttachment.swift in Sources */ = {isa = PBXBuildFile; fileRef = 862588D32B8B581300BAFA29 /* StickerAttachment.swift */; };
		862588D62B8B5AF800BAFA29 /* BooleanStack.swift in Sources */ = {isa = PBXBuildFile; fileRef = 862588D52B8B5AF800BAFA29 /* BooleanStack.swift */; };
		8625D8302B753F3D007361EC /* Response.swift in Sources */ = {isa = PBXBuildFile; fileRef = 8625D82F2B753F3D007361EC /* Response.swift */; };
		8625D8352B754121007361EC /* LastActivity.swift in Sources */ = {isa = PBXBuildFile; fileRef = 8625D8342B754121007361EC /* LastActivity.swift */; };
		8633F3A72B6FE33B00C5B0F0 /* DialogModifiers.swift in Sources */ = {isa = PBXBuildFile; fileRef = 8633F3A62B6FE33B00C5B0F0 /* DialogModifiers.swift */; };
		8633F3A92B6FEC9B00C5B0F0 /* MessageToolbar.swift in Sources */ = {isa = PBXBuildFile; fileRef = 8633F3A82B6FEC9B00C5B0F0 /* MessageToolbar.swift */; };
		8633F3AB2B7037CA00C5B0F0 /* MessageToolbarImage.swift in Sources */ = {isa = PBXBuildFile; fileRef = 8633F3AA2B7037CA00C5B0F0 /* MessageToolbarImage.swift */; };
		8633F3AD2B70395300C5B0F0 /* ChatType.swift in Sources */ = {isa = PBXBuildFile; fileRef = 8633F3AC2B70395300C5B0F0 /* ChatType.swift */; };
		863D0EAB2B802B8000247CB7 /* MessageText.swift in Sources */ = {isa = PBXBuildFile; fileRef = 863D0EAA2B802B8000247CB7 /* MessageText.swift */; };
		863D0EAD2B802DA200247CB7 /* ViewExtensions.swift in Sources */ = {isa = PBXBuildFile; fileRef = 863D0EAC2B802DA200247CB7 /* ViewExtensions.swift */; };
		863D0EAF2B80306A00247CB7 /* MessageTime.swift in Sources */ = {isa = PBXBuildFile; fileRef = 863D0EAE2B80306A00247CB7 /* MessageTime.swift */; };
		863D0EB12B80E4F800247CB7 /* AttachmentImage.swift in Sources */ = {isa = PBXBuildFile; fileRef = 863D0EB02B80E4F800247CB7 /* AttachmentImage.swift */; };
		8649DCDA2B8182AB00353F05 /* LongPoll.swift in Sources */ = {isa = PBXBuildFile; fileRef = 8649DCD92B8182AB00353F05 /* LongPoll.swift */; };
		8649DCDC2B81882E00353F05 /* LongPollResponse.swift in Sources */ = {isa = PBXBuildFile; fileRef = 8649DCDB2B81882E00353F05 /* LongPollResponse.swift */; };
		8656065A2A39914D004917AA /* Global.swift in Sources */ = {isa = PBXBuildFile; fileRef = 865606592A39914D004917AA /* Global.swift */; };
		8658A6432A32498C00D3F4C5 /* SwiftVK.swift in Sources */ = {isa = PBXBuildFile; fileRef = 8658A6422A32498C00D3F4C5 /* SwiftVK.swift */; };
		8658A6472A325D6600D3F4C5 /* SDWebImageSwiftUI in Frameworks */ = {isa = PBXBuildFile; productRef = 8658A6462A325D6600D3F4C5 /* SDWebImageSwiftUI */; };
		8658A64B2A32B66000D3F4C5 /* Photo.swift in Sources */ = {isa = PBXBuildFile; fileRef = 8658A64A2A32B66000D3F4C5 /* Photo.swift */; };
		8658A64D2A32B69100D3F4C5 /* Photos.swift in Sources */ = {isa = PBXBuildFile; fileRef = 8658A64C2A32B69100D3F4C5 /* Photos.swift */; };
		8658A6542A32B70200D3F4C5 /* Friends.swift in Sources */ = {isa = PBXBuildFile; fileRef = 8658A6532A32B70200D3F4C5 /* Friends.swift */; };
		8658A6562A32B71D00D3F4C5 /* Friend.swift in Sources */ = {isa = PBXBuildFile; fileRef = 8658A6552A32B71D00D3F4C5 /* Friend.swift */; };
		8658A65D2A32F11000D3F4C5 /* User.swift in Sources */ = {isa = PBXBuildFile; fileRef = 8658A65C2A32F11000D3F4C5 /* User.swift */; };
		865A3E812A2D7C6400F6303F /* UserProfileInfoRow.swift in Sources */ = {isa = PBXBuildFile; fileRef = 865A3E802A2D7C6400F6303F /* UserProfileInfoRow.swift */; };
		866667002A2A10CB0089A054 /* MessageInput.swift in Sources */ = {isa = PBXBuildFile; fileRef = 866666FF2A2A10CB0089A054 /* MessageInput.swift */; };
		867EC29C2A2957500003645F /* MessageNavbar.swift in Sources */ = {isa = PBXBuildFile; fileRef = 867EC29B2A2957500003645F /* MessageNavbar.swift */; };
		867EC29E2A295AE80003645F /* UnreadMessagesCount.swift in Sources */ = {isa = PBXBuildFile; fileRef = 867EC29D2A295AE80003645F /* UnreadMessagesCount.swift */; };
		8686099C2A2B81F000611BC6 /* FriendRow.swift in Sources */ = {isa = PBXBuildFile; fileRef = 8686099B2A2B81F000611BC6 /* FriendRow.swift */; };
		8690CF522B938ABE00D9FF4E /* FriendAvatar.swift in Sources */ = {isa = PBXBuildFile; fileRef = 8690CF512B938ABE00D9FF4E /* FriendAvatar.swift */; };
		869CBDE72A27FA57006171DD /* MessageItem.swift in Sources */ = {isa = PBXBuildFile; fileRef = 869CBDE62A27FA57006171DD /* MessageItem.swift */; };
		86A0B3F52B6FC89D00901F42 /* Chat.swift in Sources */ = {isa = PBXBuildFile; fileRef = 86A0B3F42B6FC89D00901F42 /* Chat.swift */; };
		86A0B3F82B6FC90400901F42 /* PinnedMessage.swift in Sources */ = {isa = PBXBuildFile; fileRef = 86A0B3F72B6FC90400901F42 /* PinnedMessage.swift */; };
		86B0803A2B8B926C00CAC946 /* FloatingTime.swift in Sources */ = {isa = PBXBuildFile; fileRef = 86B080392B8B926C00CAC946 /* FloatingTime.swift */; };
		86B080492B8B994D00CAC946 /* DialogListViewModel.swift in Sources */ = {isa = PBXBuildFile; fileRef = 86B080482B8B994D00CAC946 /* DialogListViewModel.swift */; };
		86B0804B2B8BA63D00CAC946 /* MessengerViewModel.swift in Sources */ = {isa = PBXBuildFile; fileRef = 86B0804A2B8BA63D00CAC946 /* MessengerViewModel.swift */; };
		86D3D3D72B94DABD0096CAF3 /* UserProfileAvatar.swift in Sources */ = {isa = PBXBuildFile; fileRef = 86D3D3D62B94DABD0096CAF3 /* UserProfileAvatar.swift */; };
		86D4E9E12B82F0B1008A08A2 /* SwiftVKUsers.swift in Sources */ = {isa = PBXBuildFile; fileRef = 86D4E9E02B82F0B1008A08A2 /* SwiftVKUsers.swift */; };
		86D4E9E32B82F152008A08A2 /* SwiftVKMessages.swift in Sources */ = {isa = PBXBuildFile; fileRef = 86D4E9E22B82F152008A08A2 /* SwiftVKMessages.swift */; };
		86D4E9E52B82F18A008A08A2 /* SwiftVKPhotos.swift in Sources */ = {isa = PBXBuildFile; fileRef = 86D4E9E42B82F18A008A08A2 /* SwiftVKPhotos.swift */; };
		86D4E9E82B82F1BD008A08A2 /* SwiftVKGroups.swift in Sources */ = {isa = PBXBuildFile; fileRef = 86D4E9E72B82F1BD008A08A2 /* SwiftVKGroups.swift */; };
		86D4E9EA2B82F203008A08A2 /* SwiftVKFriends.swift in Sources */ = {isa = PBXBuildFile; fileRef = 86D4E9E92B82F203008A08A2 /* SwiftVKFriends.swift */; };
		86D4E9EC2B82F440008A08A2 /* LongPollUpdates.swift in Sources */ = {isa = PBXBuildFile; fileRef = 86D4E9EB2B82F440008A08A2 /* LongPollUpdates.swift */; };
		86D4E9F02B8300A7008A08A2 /* SwiftVKLongPoll.swift in Sources */ = {isa = PBXBuildFile; fileRef = 86D4E9EF2B8300A6008A08A2 /* SwiftVKLongPoll.swift */; };
		86D4E9F22B838012008A08A2 /* LongPollEventListener.swift in Sources */ = {isa = PBXBuildFile; fileRef = 86D4E9F12B838012008A08A2 /* LongPollEventListener.swift */; };
		86D4E9F72B8398C6008A08A2 /* NewMessageEvent.swift in Sources */ = {isa = PBXBuildFile; fileRef = 86D4E9F62B8398C6008A08A2 /* NewMessageEvent.swift */; };
		86D4E9F92B8399FC008A08A2 /* LongPollEvent.swift in Sources */ = {isa = PBXBuildFile; fileRef = 86D4E9F82B8399FC008A08A2 /* LongPollEvent.swift */; };
		86D76FE32B7E6F6100D46B1C /* StickerSizes.swift in Sources */ = {isa = PBXBuildFile; fileRef = 86D76FE22B7E6F6100D46B1C /* StickerSizes.swift */; };
		86D76FE62B7E86E800D46B1C /* Background.swift in Sources */ = {isa = PBXBuildFile; fileRef = 86D76FE52B7E86E800D46B1C /* Background.swift */; };
		86D76FEA2B7ECFAA00D46B1C /* MessageContent.swift in Sources */ = {isa = PBXBuildFile; fileRef = 86D76FE92B7ECFAA00D46B1C /* MessageContent.swift */; };
		86D76FED2B7F650000D46B1C /* AttachmentsGrid.swift in Sources */ = {isa = PBXBuildFile; fileRef = 86D76FEC2B7F650000D46B1C /* AttachmentsGrid.swift */; };
		86DB1AFB2B6EA967006A1BCD /* Messages.swift in Sources */ = {isa = PBXBuildFile; fileRef = 86DB1AFA2B6EA967006A1BCD /* Messages.swift */; };
		86DB1AFD2B6EA975006A1BCD /* Message.swift in Sources */ = {isa = PBXBuildFile; fileRef = 86DB1AFC2B6EA975006A1BCD /* Message.swift */; };
		86DB1AFF2B6EABC8006A1BCD /* Attachment.swift in Sources */ = {isa = PBXBuildFile; fileRef = 86DB1AFE2B6EABC8006A1BCD /* Attachment.swift */; };
		86DB1B022B6EAC5B006A1BCD /* Video.swift in Sources */ = {isa = PBXBuildFile; fileRef = 86DB1B012B6EAC5B006A1BCD /* Video.swift */; };
		86DDFA652B9268D5002239D4 /* UserProfileViewModel.swift in Sources */ = {isa = PBXBuildFile; fileRef = 86DDFA642B9268D5002239D4 /* UserProfileViewModel.swift */; };
		86DDFA692B926E98002239D4 /* FriendViewModel.swift in Sources */ = {isa = PBXBuildFile; fileRef = 86DDFA682B926E98002239D4 /* FriendViewModel.swift */; };
		86DDFA6B2B938604002239D4 /* FriendsPageToolbar.swift in Sources */ = {isa = PBXBuildFile; fileRef = 86DDFA6A2B938604002239D4 /* FriendsPageToolbar.swift */; };
		86DDFA6D2B93879F002239D4 /* FriendRowOverlay.swift in Sources */ = {isa = PBXBuildFile; fileRef = 86DDFA6C2B93879F002239D4 /* FriendRowOverlay.swift */; };
		86E279AE2B77963100819A72 /* GetMessageList.swift in Sources */ = {isa = PBXBuildFile; fileRef = 86E279AD2B77963100819A72 /* GetMessageList.swift */; };
		86E279B12B782BB000819A72 /* Lottie in Frameworks */ = {isa = PBXBuildFile; productRef = 86E279B02B782BB000819A72 /* Lottie */; };
		86E279B42B782D5E00819A72 /* LottieView.swift in Sources */ = {isa = PBXBuildFile; fileRef = 86E279B32B782D5E00819A72 /* LottieView.swift */; };
		86E279B82B78EEC000819A72 /* MessageSticker.swift in Sources */ = {isa = PBXBuildFile; fileRef = 86E279B72B78EEC000819A72 /* MessageSticker.swift */; };
		86E279BA2B78EED400819A72 /* AnimatedMessageSticker.swift in Sources */ = {isa = PBXBuildFile; fileRef = 86E279B92B78EED400819A72 /* AnimatedMessageSticker.swift */; };
		86E279BC2B78F15000819A72 /* WebInteractions.swift in Sources */ = {isa = PBXBuildFile; fileRef = 86E279BB2B78F15000819A72 /* WebInteractions.swift */; };
		86E279BE2B791B3100819A72 /* FileSystemInteractions.swift in Sources */ = {isa = PBXBuildFile; fileRef = 86E279BD2B791B3100819A72 /* FileSystemInteractions.swift */; };
		86FB1AD12A2E653400E9D912 /* SplashScreen.swift in Sources */ = {isa = PBXBuildFile; fileRef = 86FB1AD02A2E653400E9D912 /* SplashScreen.swift */; };
		86FB1AD32A2E659300E9D912 /* TabBar.swift in Sources */ = {isa = PBXBuildFile; fileRef = 86FB1AD22A2E659300E9D912 /* TabBar.swift */; };
		86FB95982A2113660069BFA1 /* AppInstance.swift in Sources */ = {isa = PBXBuildFile; fileRef = 86FB95972A2113660069BFA1 /* AppInstance.swift */; };
		86FB959A2A2113660069BFA1 /* ContentView.swift in Sources */ = {isa = PBXBuildFile; fileRef = 86FB95992A2113660069BFA1 /* ContentView.swift */; };
		86FB959C2A2113680069BFA1 /* Assets.xcassets in Resources */ = {isa = PBXBuildFile; fileRef = 86FB959B2A2113680069BFA1 /* Assets.xcassets */; };
		86FB959F2A2113680069BFA1 /* Preview Assets.xcassets in Resources */ = {isa = PBXBuildFile; fileRef = 86FB959E2A2113680069BFA1 /* Preview Assets.xcassets */; };
		86FDC9F32A3184850009322D /* Login.swift in Sources */ = {isa = PBXBuildFile; fileRef = 86FDC9F22A3184850009322D /* Login.swift */; };
/* End PBXBuildFile section */

/* Begin PBXFileReference section */
		09A4F6C351E9B03C73851E90 /* Pods-Весточка.release.xcconfig */ = {isa = PBXFileReference; includeInIndex = 1; lastKnownFileType = text.xcconfig; name = "Pods-Весточка.release.xcconfig"; path = "Target Support Files/Pods-Весточка/Pods-Весточка.release.xcconfig"; sourceTree = "<group>"; };
		6968E9112C14DE7C003941DE /* Conversations.swift */ = {isa = PBXFileReference; lastKnownFileType = sourcecode.swift; name = Conversations.swift; path = JustyVK/Models/Conversations/Conversations.swift; sourceTree = SOURCE_ROOT; };
		6968E9132C14DE9C003941DE /* Conversation.swift */ = {isa = PBXFileReference; lastKnownFileType = sourcecode.swift; name = Conversation.swift; path = JustyVK/Models/Conversations/Conversation.swift; sourceTree = SOURCE_ROOT; };
		6968E9152C14E662003941DE /* PushSettings.swift */ = {isa = PBXFileReference; lastKnownFileType = sourcecode.swift; path = PushSettings.swift; sourceTree = "<group>"; };
		6968E9172C14E6A1003941DE /* CanWrite.swift */ = {isa = PBXFileReference; lastKnownFileType = sourcecode.swift; path = CanWrite.swift; sourceTree = "<group>"; };
		6968E9192C14E7A6003941DE /* ChatSettings.swift */ = {isa = PBXFileReference; lastKnownFileType = sourcecode.swift; path = ChatSettings.swift; sourceTree = "<group>"; };
		6968E91B2C14E83A003941DE /* ChatPhoto.swift */ = {isa = PBXFileReference; lastKnownFileType = sourcecode.swift; path = ChatPhoto.swift; sourceTree = "<group>"; };
		6968E91D2C15A840003941DE /* MessageAvatar.swift */ = {isa = PBXFileReference; lastKnownFileType = sourcecode.swift; path = MessageAvatar.swift; sourceTree = "<group>"; };
		6968E91F2C15B3EF003941DE /* MessageProfileInfo.swift */ = {isa = PBXFileReference; lastKnownFileType = sourcecode.swift; path = MessageProfileInfo.swift; sourceTree = "<group>"; };
		6968E9212C15B48C003941DE /* OnlineInfo.swift */ = {isa = PBXFileReference; lastKnownFileType = sourcecode.swift; path = OnlineInfo.swift; sourceTree = "<group>"; };
		8608162B2A2756CD00AF16C7 /* MessengerPage.swift */ = {isa = PBXFileReference; lastKnownFileType = sourcecode.swift; path = MessengerPage.swift; sourceTree = "<group>"; };
		86088CCE2B7774750010D6F0 /* Group.swift */ = {isa = PBXFileReference; lastKnownFileType = sourcecode.swift; path = Group.swift; sourceTree = "<group>"; };
		86088CD02B7774AE0010D6F0 /* Groups.swift */ = {isa = PBXFileReference; lastKnownFileType = sourcecode.swift; path = Groups.swift; sourceTree = "<group>"; };
		86088CD32B7783A40010D6F0 /* Sticker.swift */ = {isa = PBXFileReference; lastKnownFileType = sourcecode.swift; path = Sticker.swift; sourceTree = "<group>"; };
		86088CD62B778F8C0010D6F0 /* MessageContext.swift */ = {isa = PBXFileReference; lastKnownFileType = sourcecode.swift; path = MessageContext.swift; sourceTree = "<group>"; };
		86088CD82B7790AB0010D6F0 /* MessageStyles.swift */ = {isa = PBXFileReference; lastKnownFileType = sourcecode.swift; path = MessageStyles.swift; sourceTree = "<group>"; };
		8617DCCE2A3185010099E3C1 /* VKAuthWebView.swift */ = {isa = PBXFileReference; fileEncoding = 4; lastKnownFileType = sourcecode.swift; path = VKAuthWebView.swift; sourceTree = "<group>"; };
		8617DCD02A31857F0099E3C1 /* UserInfo.swift */ = {isa = PBXFileReference; lastKnownFileType = sourcecode.swift; path = UserInfo.swift; sourceTree = "<group>"; };
		861BD6792A2D06DC002F5404 /* UserProfile.swift */ = {isa = PBXFileReference; lastKnownFileType = sourcecode.swift; path = UserProfile.swift; sourceTree = "<group>"; };
		861BD67B2A2D0FC0002F5404 /* ProfileButtonLabel.swift */ = {isa = PBXFileReference; lastKnownFileType = sourcecode.swift; path = ProfileButtonLabel.swift; sourceTree = "<group>"; };
		861BD67D2A2D1170002F5404 /* ProfileButtonsBar.swift */ = {isa = PBXFileReference; lastKnownFileType = sourcecode.swift; path = ProfileButtonsBar.swift; sourceTree = "<group>"; };
		861BD67F2A2D1E6E002F5404 /* HorizontalProfileAttachments.swift */ = {isa = PBXFileReference; lastKnownFileType = sourcecode.swift; path = HorizontalProfileAttachments.swift; sourceTree = "<group>"; };
		8623F96F2A30169C00270CD5 /* Extensions.swift */ = {isa = PBXFileReference; lastKnownFileType = sourcecode.swift; path = Extensions.swift; sourceTree = "<group>"; };
		8624F3DB2A266C1F00FA20B1 /* ConversationsPage.swift */ = {isa = PBXFileReference; lastKnownFileType = sourcecode.swift; path = ConversationsPage.swift; sourceTree = "<group>"; };
		8624F3DD2A266CE900FA20B1 /* Settings.swift */ = {isa = PBXFileReference; lastKnownFileType = sourcecode.swift; path = Settings.swift; sourceTree = "<group>"; };
		8624F3DF2A266D2A00FA20B1 /* FriendsPage.swift */ = {isa = PBXFileReference; lastKnownFileType = sourcecode.swift; path = FriendsPage.swift; sourceTree = "<group>"; };
		8624F3E12A266E7F00FA20B1 /* ConversationItem.swift */ = {isa = PBXFileReference; lastKnownFileType = sourcecode.swift; path = ConversationItem.swift; sourceTree = "<group>"; };
		8624F3E42A26748700FA20B1 /* UserOnlineStatus.swift */ = {isa = PBXFileReference; lastKnownFileType = sourcecode.swift; path = UserOnlineStatus.swift; sourceTree = "<group>"; };
		8624F3EA2A26C36800FA20B1 /* ReadStatus.swift */ = {isa = PBXFileReference; lastKnownFileType = sourcecode.swift; path = ReadStatus.swift; sourceTree = "<group>"; };
		862588C92B8A967B00BAFA29 /* GlobalUIStates.swift */ = {isa = PBXFileReference; lastKnownFileType = sourcecode.swift; path = GlobalUIStates.swift; sourceTree = "<group>"; };
		862588CB2B8AA16200BAFA29 /* DialogViewModel.swift */ = {isa = PBXFileReference; lastKnownFileType = sourcecode.swift; path = DialogViewModel.swift; sourceTree = "<group>"; };
		862588CD2B8AB5D200BAFA29 /* SwiftVKSingletone.swift */ = {isa = PBXFileReference; lastKnownFileType = sourcecode.swift; path = SwiftVKSingletone.swift; sourceTree = "<group>"; };
		862588CF2B8AC80200BAFA29 /* MessageViewModel.swift */ = {isa = PBXFileReference; lastKnownFileType = sourcecode.swift; path = MessageViewModel.swift; sourceTree = "<group>"; };
		862588D12B8AD0ED00BAFA29 /* Attachments.swift */ = {isa = PBXFileReference; lastKnownFileType = sourcecode.swift; path = Attachments.swift; sourceTree = "<group>"; };
		862588D32B8B581300BAFA29 /* StickerAttachment.swift */ = {isa = PBXFileReference; lastKnownFileType = sourcecode.swift; path = StickerAttachment.swift; sourceTree = "<group>"; };
		862588D52B8B5AF800BAFA29 /* BooleanStack.swift */ = {isa = PBXFileReference; lastKnownFileType = sourcecode.swift; path = BooleanStack.swift; sourceTree = "<group>"; };
		8625D82F2B753F3D007361EC /* Response.swift */ = {isa = PBXFileReference; lastKnownFileType = sourcecode.swift; path = Response.swift; sourceTree = "<group>"; };
		8625D8342B754121007361EC /* LastActivity.swift */ = {isa = PBXFileReference; lastKnownFileType = sourcecode.swift; path = LastActivity.swift; sourceTree = "<group>"; };
		8633F3A62B6FE33B00C5B0F0 /* DialogModifiers.swift */ = {isa = PBXFileReference; lastKnownFileType = sourcecode.swift; path = DialogModifiers.swift; sourceTree = "<group>"; };
		8633F3A82B6FEC9B00C5B0F0 /* MessageToolbar.swift */ = {isa = PBXFileReference; lastKnownFileType = sourcecode.swift; path = MessageToolbar.swift; sourceTree = "<group>"; };
		8633F3AA2B7037CA00C5B0F0 /* MessageToolbarImage.swift */ = {isa = PBXFileReference; lastKnownFileType = sourcecode.swift; path = MessageToolbarImage.swift; sourceTree = "<group>"; };
		8633F3AC2B70395300C5B0F0 /* ChatType.swift */ = {isa = PBXFileReference; lastKnownFileType = sourcecode.swift; path = ChatType.swift; sourceTree = "<group>"; };
		863D0EAA2B802B8000247CB7 /* MessageText.swift */ = {isa = PBXFileReference; lastKnownFileType = sourcecode.swift; path = MessageText.swift; sourceTree = "<group>"; };
		863D0EAC2B802DA200247CB7 /* ViewExtensions.swift */ = {isa = PBXFileReference; lastKnownFileType = sourcecode.swift; path = ViewExtensions.swift; sourceTree = "<group>"; };
		863D0EAE2B80306A00247CB7 /* MessageTime.swift */ = {isa = PBXFileReference; lastKnownFileType = sourcecode.swift; path = MessageTime.swift; sourceTree = "<group>"; };
		863D0EB02B80E4F800247CB7 /* AttachmentImage.swift */ = {isa = PBXFileReference; lastKnownFileType = sourcecode.swift; path = AttachmentImage.swift; sourceTree = "<group>"; };
		8649DCD92B8182AB00353F05 /* LongPoll.swift */ = {isa = PBXFileReference; lastKnownFileType = sourcecode.swift; path = LongPoll.swift; sourceTree = "<group>"; };
		8649DCDB2B81882E00353F05 /* LongPollResponse.swift */ = {isa = PBXFileReference; lastKnownFileType = sourcecode.swift; path = LongPollResponse.swift; sourceTree = "<group>"; };
		865606592A39914D004917AA /* Global.swift */ = {isa = PBXFileReference; lastKnownFileType = sourcecode.swift; path = Global.swift; sourceTree = "<group>"; };
		8658A6422A32498C00D3F4C5 /* SwiftVK.swift */ = {isa = PBXFileReference; lastKnownFileType = sourcecode.swift; path = SwiftVK.swift; sourceTree = "<group>"; };
		8658A64A2A32B66000D3F4C5 /* Photo.swift */ = {isa = PBXFileReference; lastKnownFileType = sourcecode.swift; path = Photo.swift; sourceTree = "<group>"; };
		8658A64C2A32B69100D3F4C5 /* Photos.swift */ = {isa = PBXFileReference; lastKnownFileType = sourcecode.swift; path = Photos.swift; sourceTree = "<group>"; };
		8658A6532A32B70200D3F4C5 /* Friends.swift */ = {isa = PBXFileReference; lastKnownFileType = sourcecode.swift; path = Friends.swift; sourceTree = "<group>"; };
		8658A6552A32B71D00D3F4C5 /* Friend.swift */ = {isa = PBXFileReference; lastKnownFileType = sourcecode.swift; path = Friend.swift; sourceTree = "<group>"; };
		8658A65C2A32F11000D3F4C5 /* User.swift */ = {isa = PBXFileReference; lastKnownFileType = sourcecode.swift; path = User.swift; sourceTree = "<group>"; };
		865A3E802A2D7C6400F6303F /* UserProfileInfoRow.swift */ = {isa = PBXFileReference; lastKnownFileType = sourcecode.swift; path = UserProfileInfoRow.swift; sourceTree = "<group>"; };
		866666FF2A2A10CB0089A054 /* MessageInput.swift */ = {isa = PBXFileReference; lastKnownFileType = sourcecode.swift; path = MessageInput.swift; sourceTree = "<group>"; };
		867EC29B2A2957500003645F /* MessageNavbar.swift */ = {isa = PBXFileReference; lastKnownFileType = sourcecode.swift; path = MessageNavbar.swift; sourceTree = "<group>"; };
		867EC29D2A295AE80003645F /* UnreadMessagesCount.swift */ = {isa = PBXFileReference; lastKnownFileType = sourcecode.swift; path = UnreadMessagesCount.swift; sourceTree = "<group>"; };
		8686099B2A2B81F000611BC6 /* FriendRow.swift */ = {isa = PBXFileReference; lastKnownFileType = sourcecode.swift; path = FriendRow.swift; sourceTree = "<group>"; };
		8690CF512B938ABE00D9FF4E /* FriendAvatar.swift */ = {isa = PBXFileReference; lastKnownFileType = sourcecode.swift; path = FriendAvatar.swift; sourceTree = "<group>"; };
		869CBDE62A27FA57006171DD /* MessageItem.swift */ = {isa = PBXFileReference; lastKnownFileType = sourcecode.swift; path = MessageItem.swift; sourceTree = "<group>"; };
		86A0B3F42B6FC89D00901F42 /* Chat.swift */ = {isa = PBXFileReference; lastKnownFileType = sourcecode.swift; path = Chat.swift; sourceTree = "<group>"; };
		86A0B3F72B6FC90400901F42 /* PinnedMessage.swift */ = {isa = PBXFileReference; lastKnownFileType = sourcecode.swift; path = PinnedMessage.swift; sourceTree = "<group>"; };
		86B080392B8B926C00CAC946 /* FloatingTime.swift */ = {isa = PBXFileReference; lastKnownFileType = sourcecode.swift; path = FloatingTime.swift; sourceTree = "<group>"; };
		86B080482B8B994D00CAC946 /* DialogListViewModel.swift */ = {isa = PBXFileReference; lastKnownFileType = sourcecode.swift; path = DialogListViewModel.swift; sourceTree = "<group>"; };
		86B0804A2B8BA63D00CAC946 /* MessengerViewModel.swift */ = {isa = PBXFileReference; lastKnownFileType = sourcecode.swift; path = MessengerViewModel.swift; sourceTree = "<group>"; };
		86B897B42A27DE7500D0D633 /* Info.plist */ = {isa = PBXFileReference; lastKnownFileType = text.plist; path = Info.plist; sourceTree = "<group>"; };
		86D3D3D62B94DABD0096CAF3 /* UserProfileAvatar.swift */ = {isa = PBXFileReference; lastKnownFileType = sourcecode.swift; path = UserProfileAvatar.swift; sourceTree = "<group>"; };
		86D4E9E02B82F0B1008A08A2 /* SwiftVKUsers.swift */ = {isa = PBXFileReference; lastKnownFileType = sourcecode.swift; path = SwiftVKUsers.swift; sourceTree = "<group>"; };
		86D4E9E22B82F152008A08A2 /* SwiftVKMessages.swift */ = {isa = PBXFileReference; lastKnownFileType = sourcecode.swift; path = SwiftVKMessages.swift; sourceTree = "<group>"; };
		86D4E9E42B82F18A008A08A2 /* SwiftVKPhotos.swift */ = {isa = PBXFileReference; lastKnownFileType = sourcecode.swift; path = SwiftVKPhotos.swift; sourceTree = "<group>"; };
		86D4E9E72B82F1BD008A08A2 /* SwiftVKGroups.swift */ = {isa = PBXFileReference; lastKnownFileType = sourcecode.swift; path = SwiftVKGroups.swift; sourceTree = "<group>"; };
		86D4E9E92B82F203008A08A2 /* SwiftVKFriends.swift */ = {isa = PBXFileReference; lastKnownFileType = sourcecode.swift; path = SwiftVKFriends.swift; sourceTree = "<group>"; };
		86D4E9EB2B82F440008A08A2 /* LongPollUpdates.swift */ = {isa = PBXFileReference; lastKnownFileType = sourcecode.swift; path = LongPollUpdates.swift; sourceTree = "<group>"; };
		86D4E9EF2B8300A6008A08A2 /* SwiftVKLongPoll.swift */ = {isa = PBXFileReference; lastKnownFileType = sourcecode.swift; path = SwiftVKLongPoll.swift; sourceTree = "<group>"; };
		86D4E9F12B838012008A08A2 /* LongPollEventListener.swift */ = {isa = PBXFileReference; lastKnownFileType = sourcecode.swift; path = LongPollEventListener.swift; sourceTree = "<group>"; };
		86D4E9F62B8398C6008A08A2 /* NewMessageEvent.swift */ = {isa = PBXFileReference; lastKnownFileType = sourcecode.swift; path = NewMessageEvent.swift; sourceTree = "<group>"; };
		86D4E9F82B8399FC008A08A2 /* LongPollEvent.swift */ = {isa = PBXFileReference; lastKnownFileType = sourcecode.swift; path = LongPollEvent.swift; sourceTree = "<group>"; };
		86D76FE22B7E6F6100D46B1C /* StickerSizes.swift */ = {isa = PBXFileReference; lastKnownFileType = sourcecode.swift; path = StickerSizes.swift; sourceTree = "<group>"; };
		86D76FE52B7E86E800D46B1C /* Background.swift */ = {isa = PBXFileReference; lastKnownFileType = sourcecode.swift; path = Background.swift; sourceTree = "<group>"; };
		86D76FE92B7ECFAA00D46B1C /* MessageContent.swift */ = {isa = PBXFileReference; lastKnownFileType = sourcecode.swift; path = MessageContent.swift; sourceTree = "<group>"; };
		86D76FEC2B7F650000D46B1C /* AttachmentsGrid.swift */ = {isa = PBXFileReference; lastKnownFileType = sourcecode.swift; path = AttachmentsGrid.swift; sourceTree = "<group>"; };
		86DB1AFA2B6EA967006A1BCD /* Messages.swift */ = {isa = PBXFileReference; lastKnownFileType = sourcecode.swift; path = Messages.swift; sourceTree = "<group>"; };
		86DB1AFC2B6EA975006A1BCD /* Message.swift */ = {isa = PBXFileReference; lastKnownFileType = sourcecode.swift; path = Message.swift; sourceTree = "<group>"; };
		86DB1AFE2B6EABC8006A1BCD /* Attachment.swift */ = {isa = PBXFileReference; lastKnownFileType = sourcecode.swift; path = Attachment.swift; sourceTree = "<group>"; };
		86DB1B012B6EAC5B006A1BCD /* Video.swift */ = {isa = PBXFileReference; lastKnownFileType = sourcecode.swift; path = Video.swift; sourceTree = "<group>"; };
		86DBB5CA2A2FCCEF00AF3E8E /* JustyVK.app */ = {isa = PBXFileReference; explicitFileType = wrapper.application; includeInIndex = 0; path = JustyVK.app; sourceTree = BUILT_PRODUCTS_DIR; };
		86DDFA642B9268D5002239D4 /* UserProfileViewModel.swift */ = {isa = PBXFileReference; lastKnownFileType = sourcecode.swift; path = UserProfileViewModel.swift; sourceTree = "<group>"; };
		86DDFA682B926E98002239D4 /* FriendViewModel.swift */ = {isa = PBXFileReference; lastKnownFileType = sourcecode.swift; path = FriendViewModel.swift; sourceTree = "<group>"; };
		86DDFA6A2B938604002239D4 /* FriendsPageToolbar.swift */ = {isa = PBXFileReference; lastKnownFileType = sourcecode.swift; path = FriendsPageToolbar.swift; sourceTree = "<group>"; };
		86DDFA6C2B93879F002239D4 /* FriendRowOverlay.swift */ = {isa = PBXFileReference; lastKnownFileType = sourcecode.swift; path = FriendRowOverlay.swift; sourceTree = "<group>"; };
		86E279AD2B77963100819A72 /* GetMessageList.swift */ = {isa = PBXFileReference; lastKnownFileType = sourcecode.swift; path = GetMessageList.swift; sourceTree = "<group>"; };
		86E279B32B782D5E00819A72 /* LottieView.swift */ = {isa = PBXFileReference; lastKnownFileType = sourcecode.swift; path = LottieView.swift; sourceTree = "<group>"; };
		86E279B72B78EEC000819A72 /* MessageSticker.swift */ = {isa = PBXFileReference; lastKnownFileType = sourcecode.swift; path = MessageSticker.swift; sourceTree = "<group>"; };
		86E279B92B78EED400819A72 /* AnimatedMessageSticker.swift */ = {isa = PBXFileReference; lastKnownFileType = sourcecode.swift; path = AnimatedMessageSticker.swift; sourceTree = "<group>"; };
		86E279BB2B78F15000819A72 /* WebInteractions.swift */ = {isa = PBXFileReference; lastKnownFileType = sourcecode.swift; path = WebInteractions.swift; sourceTree = "<group>"; };
		86E279BD2B791B3100819A72 /* FileSystemInteractions.swift */ = {isa = PBXFileReference; lastKnownFileType = sourcecode.swift; path = FileSystemInteractions.swift; sourceTree = "<group>"; };
		86FB1AD02A2E653400E9D912 /* SplashScreen.swift */ = {isa = PBXFileReference; lastKnownFileType = sourcecode.swift; path = SplashScreen.swift; sourceTree = "<group>"; };
		86FB1AD22A2E659300E9D912 /* TabBar.swift */ = {isa = PBXFileReference; lastKnownFileType = sourcecode.swift; path = TabBar.swift; sourceTree = "<group>"; };
		86FB95972A2113660069BFA1 /* AppInstance.swift */ = {isa = PBXFileReference; lastKnownFileType = sourcecode.swift; path = AppInstance.swift; sourceTree = "<group>"; };
		86FB95992A2113660069BFA1 /* ContentView.swift */ = {isa = PBXFileReference; lastKnownFileType = sourcecode.swift; path = ContentView.swift; sourceTree = "<group>"; };
		86FB959B2A2113680069BFA1 /* Assets.xcassets */ = {isa = PBXFileReference; lastKnownFileType = folder.assetcatalog; path = Assets.xcassets; sourceTree = "<group>"; };
		86FB959E2A2113680069BFA1 /* Preview Assets.xcassets */ = {isa = PBXFileReference; lastKnownFileType = folder.assetcatalog; path = "Preview Assets.xcassets"; sourceTree = "<group>"; };
		86FDC9F22A3184850009322D /* Login.swift */ = {isa = PBXFileReference; lastKnownFileType = sourcecode.swift; path = Login.swift; sourceTree = "<group>"; };
		D4C8506916E0E279C5EBBE75 /* Pods-Весточка.debug.xcconfig */ = {isa = PBXFileReference; includeInIndex = 1; lastKnownFileType = text.xcconfig; name = "Pods-Весточка.debug.xcconfig"; path = "Target Support Files/Pods-Весточка/Pods-Весточка.debug.xcconfig"; sourceTree = "<group>"; };
/* End PBXFileReference section */

/* Begin PBXFrameworksBuildPhase section */
		86FB95912A2113660069BFA1 /* Frameworks */ = {
			isa = PBXFrameworksBuildPhase;
			buildActionMask = 2147483647;
			files = (
				8658A6472A325D6600D3F4C5 /* SDWebImageSwiftUI in Frameworks */,
				86E279B12B782BB000819A72 /* Lottie in Frameworks */,
			);
			runOnlyForDeploymentPostprocessing = 0;
		};
/* End PBXFrameworksBuildPhase section */

/* Begin PBXGroup section */
		86088CCD2B77745A0010D6F0 /* Groups */ = {
			isa = PBXGroup;
			children = (
				86088CCE2B7774750010D6F0 /* Group.swift */,
				86088CD02B7774AE0010D6F0 /* Groups.swift */,
			);
			path = Groups;
			sourceTree = "<group>";
		};
		86088CD22B7783510010D6F0 /* Attachments */ = {
			isa = PBXGroup;
			children = (
				86DB1AFE2B6EABC8006A1BCD /* Attachment.swift */,
				86088CD32B7783A40010D6F0 /* Sticker.swift */,
			);
			path = Attachments;
			sourceTree = "<group>";
		};
		86088CD52B778F520010D6F0 /* Message */ = {
			isa = PBXGroup;
			children = (
				8624F3EA2A26C36800FA20B1 /* ReadStatus.swift */,
				869CBDE62A27FA57006171DD /* MessageItem.swift */,
				86088CD62B778F8C0010D6F0 /* MessageContext.swift */,
				86088CD82B7790AB0010D6F0 /* MessageStyles.swift */,
				86D76FE92B7ECFAA00D46B1C /* MessageContent.swift */,
				863D0EAA2B802B8000247CB7 /* MessageText.swift */,
				863D0EAE2B80306A00247CB7 /* MessageTime.swift */,
				86B080392B8B926C00CAC946 /* FloatingTime.swift */,
				6968E91D2C15A840003941DE /* MessageAvatar.swift */,
			);
			path = Message;
			sourceTree = "<group>";
		};
		860FC3A22A26181A00922426 /* Views */ = {
			isa = PBXGroup;
			children = (
				86FB95992A2113660069BFA1 /* ContentView.swift */,
				86FB1AD02A2E653400E9D912 /* SplashScreen.swift */,
				86E279B22B782D4400819A72 /* LottieView */,
				866DF0922A2C073800EFE771 /* UI */,
				869CBDE82A27FA61006171DD /* Messenger */,
				86B897B12A27D14200D0D633 /* Auth */,
				861BD6782A2D06C2002F5404 /* UserProfile */,
				8686099A2A2B812600611BC6 /* Friends */,
				8624F3E32A266E8800FA20B1 /* Dialogs */,
				866DF0912A2C05CC00EFE771 /* Settings */,
				863D0EAC2B802DA200247CB7 /* ViewExtensions.swift */,
			);
			path = Views;
			sourceTree = "<group>";
		};
		860FC3A32A26188B00922426 /* Models */ = {
			isa = PBXGroup;
			children = (
				6968E9212C15B48C003941DE /* OnlineInfo.swift */,
				8625D82F2B753F3D007361EC /* Response.swift */,
				8658A6492A32B64B00D3F4C5 /* Photos */,
				8658A6502A32B6D500D3F4C5 /* Friends */,
				8658A6572A32F0C800D3F4C5 /* Users */,
				86DB1AF72B6EA942006A1BCD /* Messages */,
				86DB1B002B6EAC4F006A1BCD /* Videos */,
				86B080412B8B979D00CAC946 /* Conversations */,
				86A0B3F62B6FC8EE00901F42 /* Chat */,
				86088CD22B7783510010D6F0 /* Attachments */,
				86088CCD2B77745A0010D6F0 /* Groups */,
				86D4E9F52B8398B3008A08A2 /* Events */,
				8617DCD02A31857F0099E3C1 /* UserInfo.swift */,
				862588C92B8A967B00BAFA29 /* GlobalUIStates.swift */,
				6968E9152C14E662003941DE /* PushSettings.swift */,
				6968E9172C14E6A1003941DE /* CanWrite.swift */,
				6968E9192C14E7A6003941DE /* ChatSettings.swift */,
				6968E91B2C14E83A003941DE /* ChatPhoto.swift */,
			);
			path = Models;
			sourceTree = "<group>";
		};
		8612D5B02B8BFF5600A2B937 /* Utils */ = {
			isa = PBXGroup;
			children = (
				86E279BD2B791B3100819A72 /* FileSystemInteractions.swift */,
				86E279BB2B78F15000819A72 /* WebInteractions.swift */,
				865606592A39914D004917AA /* Global.swift */,
				8623F96F2A30169C00270CD5 /* Extensions.swift */,
			);
			path = Utils;
			sourceTree = "<group>";
		};
		861BD6782A2D06C2002F5404 /* UserProfile */ = {
			isa = PBXGroup;
			children = (
				861BD6792A2D06DC002F5404 /* UserProfile.swift */,
				861BD67B2A2D0FC0002F5404 /* ProfileButtonLabel.swift */,
				861BD67D2A2D1170002F5404 /* ProfileButtonsBar.swift */,
				861BD67F2A2D1E6E002F5404 /* HorizontalProfileAttachments.swift */,
				865A3E802A2D7C6400F6303F /* UserProfileInfoRow.swift */,
				86D3D3D62B94DABD0096CAF3 /* UserProfileAvatar.swift */,
			);
			path = UserProfile;
			sourceTree = "<group>";
		};
		8624F3E32A266E8800FA20B1 /* Dialogs */ = {
			isa = PBXGroup;
			children = (
				8624F3DB2A266C1F00FA20B1 /* ConversationsPage.swift */,
				8624F3E12A266E7F00FA20B1 /* ConversationItem.swift */,
				867EC29D2A295AE80003645F /* UnreadMessagesCount.swift */,
				8633F3A62B6FE33B00C5B0F0 /* DialogModifiers.swift */,
			);
			path = Dialogs;
			sourceTree = "<group>";
		};
		8658A6492A32B64B00D3F4C5 /* Photos */ = {
			isa = PBXGroup;
			children = (
				8658A64A2A32B66000D3F4C5 /* Photo.swift */,
				8658A64C2A32B69100D3F4C5 /* Photos.swift */,
			);
			path = Photos;
			sourceTree = "<group>";
		};
		8658A6502A32B6D500D3F4C5 /* Friends */ = {
			isa = PBXGroup;
			children = (
				8658A6532A32B70200D3F4C5 /* Friends.swift */,
				8658A6552A32B71D00D3F4C5 /* Friend.swift */,
			);
			path = Friends;
			sourceTree = "<group>";
		};
		8658A6572A32F0C800D3F4C5 /* Users */ = {
			isa = PBXGroup;
			children = (
				8658A65C2A32F11000D3F4C5 /* User.swift */,
			);
			path = Users;
			sourceTree = "<group>";
		};
		866DF0912A2C05CC00EFE771 /* Settings */ = {
			isa = PBXGroup;
			children = (
				8624F3DD2A266CE900FA20B1 /* Settings.swift */,
			);
			path = Settings;
			sourceTree = "<group>";
		};
		866DF0922A2C073800EFE771 /* UI */ = {
			isa = PBXGroup;
			children = (
				8624F3E42A26748700FA20B1 /* UserOnlineStatus.swift */,
				86FB1AD22A2E659300E9D912 /* TabBar.swift */,
				862588D52B8B5AF800BAFA29 /* BooleanStack.swift */,
			);
			path = UI;
			sourceTree = "<group>";
		};
		8686099A2A2B812600611BC6 /* Friends */ = {
			isa = PBXGroup;
			children = (
				8624F3DF2A266D2A00FA20B1 /* FriendsPage.swift */,
				8686099B2A2B81F000611BC6 /* FriendRow.swift */,
				86DDFA6A2B938604002239D4 /* FriendsPageToolbar.swift */,
				86DDFA6C2B93879F002239D4 /* FriendRowOverlay.swift */,
				8690CF512B938ABE00D9FF4E /* FriendAvatar.swift */,
			);
			path = Friends;
			sourceTree = "<group>";
		};
		869CBDE82A27FA61006171DD /* Messenger */ = {
			isa = PBXGroup;
			children = (
				8608162B2A2756CD00AF16C7 /* MessengerPage.swift */,
				86D76FEB2B7EDDEE00D46B1C /* Attachments */,
				86D76FE42B7E86D600D46B1C /* Background */,
				86E279B52B78EE7000819A72 /* MessageSticker */,
				86E279AC2B77960500819A72 /* MessageList */,
				86088CD52B778F520010D6F0 /* Message */,
				867EC29B2A2957500003645F /* MessageNavbar.swift */,
				866666FF2A2A10CB0089A054 /* MessageInput.swift */,
				8633F3AA2B7037CA00C5B0F0 /* MessageToolbarImage.swift */,
			);
			path = Messenger;
			sourceTree = "<group>";
		};
		86A0B3F62B6FC8EE00901F42 /* Chat */ = {
			isa = PBXGroup;
			children = (
				86A0B3F42B6FC89D00901F42 /* Chat.swift */,
				86A0B3F72B6FC90400901F42 /* PinnedMessage.swift */,
			);
			path = Chat;
			sourceTree = "<group>";
		};
		86B0803B2B8B972700CAC946 /* ViewModels */ = {
			isa = PBXGroup;
			children = (
				862588CB2B8AA16200BAFA29 /* DialogViewModel.swift */,
				862588CF2B8AC80200BAFA29 /* MessageViewModel.swift */,
				86B080482B8B994D00CAC946 /* DialogListViewModel.swift */,
				86B0804A2B8BA63D00CAC946 /* MessengerViewModel.swift */,
				86DDFA642B9268D5002239D4 /* UserProfileViewModel.swift */,
				86DDFA682B926E98002239D4 /* FriendViewModel.swift */,
			);
			path = ViewModels;
			sourceTree = "<group>";
		};
		86B080412B8B979D00CAC946 /* Conversations */ = {
			isa = PBXGroup;
			children = (
				6968E9112C14DE7C003941DE /* Conversations.swift */,
				6968E9132C14DE9C003941DE /* Conversation.swift */,
			);
			path = Conversations;
			sourceTree = "<group>";
		};
		86B897B12A27D14200D0D633 /* Auth */ = {
			isa = PBXGroup;
			children = (
				8617DCCE2A3185010099E3C1 /* VKAuthWebView.swift */,
				86FDC9F22A3184850009322D /* Login.swift */,
			);
			path = Auth;
			sourceTree = "<group>";
		};
		86D4E9DF2B82F083008A08A2 /* SwiftVK */ = {
			isa = PBXGroup;
			children = (
				8658A6422A32498C00D3F4C5 /* SwiftVK.swift */,
				862588CD2B8AB5D200BAFA29 /* SwiftVKSingletone.swift */,
				86D4E9E02B82F0B1008A08A2 /* SwiftVKUsers.swift */,
				86D4E9E42B82F18A008A08A2 /* SwiftVKPhotos.swift */,
				86D4E9E72B82F1BD008A08A2 /* SwiftVKGroups.swift */,
				86D4E9E92B82F203008A08A2 /* SwiftVKFriends.swift */,
				86D4E9EE2B830087008A08A2 /* Messages */,
			);
			path = SwiftVK;
			sourceTree = "<group>";
		};
		86D4E9ED2B82F6BB008A08A2 /* LongPoll */ = {
			isa = PBXGroup;
			children = (
				8649DCD92B8182AB00353F05 /* LongPoll.swift */,
				8649DCDB2B81882E00353F05 /* LongPollResponse.swift */,
				86D4E9EB2B82F440008A08A2 /* LongPollUpdates.swift */,
				86D4E9F12B838012008A08A2 /* LongPollEventListener.swift */,
			);
			path = LongPoll;
			sourceTree = "<group>";
		};
		86D4E9EE2B830087008A08A2 /* Messages */ = {
			isa = PBXGroup;
			children = (
				86D4E9E22B82F152008A08A2 /* SwiftVKMessages.swift */,
				86D4E9EF2B8300A6008A08A2 /* SwiftVKLongPoll.swift */,
			);
			path = Messages;
			sourceTree = "<group>";
		};
		86D4E9F52B8398B3008A08A2 /* Events */ = {
			isa = PBXGroup;
			children = (
				86D4E9F82B8399FC008A08A2 /* LongPollEvent.swift */,
				86D4E9F62B8398C6008A08A2 /* NewMessageEvent.swift */,
			);
			path = Events;
			sourceTree = "<group>";
		};
		86D76FE42B7E86D600D46B1C /* Background */ = {
			isa = PBXGroup;
			children = (
				86D76FE52B7E86E800D46B1C /* Background.swift */,
			);
			path = Background;
			sourceTree = "<group>";
		};
		86D76FEB2B7EDDEE00D46B1C /* Attachments */ = {
			isa = PBXGroup;
			children = (
				86D76FEC2B7F650000D46B1C /* AttachmentsGrid.swift */,
				863D0EB02B80E4F800247CB7 /* AttachmentImage.swift */,
				862588D12B8AD0ED00BAFA29 /* Attachments.swift */,
			);
			path = Attachments;
			sourceTree = "<group>";
		};
		86DB1AF72B6EA942006A1BCD /* Messages */ = {
			isa = PBXGroup;
			children = (
				86D4E9ED2B82F6BB008A08A2 /* LongPoll */,
				86DB1AFA2B6EA967006A1BCD /* Messages.swift */,
				86DB1AFC2B6EA975006A1BCD /* Message.swift */,
				8625D8342B754121007361EC /* LastActivity.swift */,
				8633F3AC2B70395300C5B0F0 /* ChatType.swift */,
				6968E91F2C15B3EF003941DE /* MessageProfileInfo.swift */,
			);
			path = Messages;
			sourceTree = "<group>";
		};
		86DB1B002B6EAC4F006A1BCD /* Videos */ = {
			isa = PBXGroup;
			children = (
				86DB1B012B6EAC5B006A1BCD /* Video.swift */,
			);
			path = Videos;
			sourceTree = "<group>";
		};
		86E279AC2B77960500819A72 /* MessageList */ = {
			isa = PBXGroup;
			children = (
				86E279AD2B77963100819A72 /* GetMessageList.swift */,
				8633F3A82B6FEC9B00C5B0F0 /* MessageToolbar.swift */,
			);
			path = MessageList;
			sourceTree = "<group>";
		};
		86E279B22B782D4400819A72 /* LottieView */ = {
			isa = PBXGroup;
			children = (
				86E279B32B782D5E00819A72 /* LottieView.swift */,
			);
			path = LottieView;
			sourceTree = "<group>";
		};
		86E279B52B78EE7000819A72 /* MessageSticker */ = {
			isa = PBXGroup;
			children = (
				86E279B72B78EEC000819A72 /* MessageSticker.swift */,
				86E279B92B78EED400819A72 /* AnimatedMessageSticker.swift */,
				86D76FE22B7E6F6100D46B1C /* StickerSizes.swift */,
				862588D32B8B581300BAFA29 /* StickerAttachment.swift */,
			);
			path = MessageSticker;
			sourceTree = "<group>";
		};
		86FB958B2A2113660069BFA1 = {
			isa = PBXGroup;
			children = (
				86FB95962A2113660069BFA1 /* JustyVK */,
				E0161DB0CFC6CEA9D2CFA582 /* Pods */,
				86DBB5CA2A2FCCEF00AF3E8E /* JustyVK.app */,
			);
			sourceTree = "<group>";
		};
		86FB95962A2113660069BFA1 /* JustyVK */ = {
			isa = PBXGroup;
			children = (
				86B897B42A27DE7500D0D633 /* Info.plist */,
				86FB959D2A2113680069BFA1 /* Preview Content */,
				86FB959B2A2113680069BFA1 /* Assets.xcassets */,
				86FB95972A2113660069BFA1 /* AppInstance.swift */,
				86D4E9DF2B82F083008A08A2 /* SwiftVK */,
				8612D5B02B8BFF5600A2B937 /* Utils */,
				86B0803B2B8B972700CAC946 /* ViewModels */,
				860FC3A32A26188B00922426 /* Models */,
				860FC3A22A26181A00922426 /* Views */,
			);
			path = JustyVK;
			sourceTree = "<group>";
		};
		86FB959D2A2113680069BFA1 /* Preview Content */ = {
			isa = PBXGroup;
			children = (
				86FB959E2A2113680069BFA1 /* Preview Assets.xcassets */,
			);
			path = "Preview Content";
			sourceTree = "<group>";
		};
		E0161DB0CFC6CEA9D2CFA582 /* Pods */ = {
			isa = PBXGroup;
			children = (
				D4C8506916E0E279C5EBBE75 /* Pods-Весточка.debug.xcconfig */,
				09A4F6C351E9B03C73851E90 /* Pods-Весточка.release.xcconfig */,
			);
			path = Pods;
			sourceTree = "<group>";
		};
/* End PBXGroup section */

/* Begin PBXNativeTarget section */
		86FB95932A2113660069BFA1 /* JustyVK */ = {
			isa = PBXNativeTarget;
			buildConfigurationList = 86FB95A22A2113680069BFA1 /* Build configuration list for PBXNativeTarget "JustyVK" */;
			buildPhases = (
				84169B26081ECE286191038A /* [CP] Check Pods Manifest.lock */,
				86FB95902A2113660069BFA1 /* Sources */,
				86FB95912A2113660069BFA1 /* Frameworks */,
				86FB95922A2113660069BFA1 /* Resources */,
				12358E8393D31E96A2524029 /* [CP] Embed Pods Frameworks */,
			);
			buildRules = (
			);
			dependencies = (
			);
			name = JustyVK;
			packageProductDependencies = (
				8658A6462A325D6600D3F4C5 /* SDWebImageSwiftUI */,
				86E279B02B782BB000819A72 /* Lottie */,
			);
			productName = IosApp;
			productReference = 86DBB5CA2A2FCCEF00AF3E8E /* JustyVK.app */;
			productType = "com.apple.product-type.application";
		};
/* End PBXNativeTarget section */

/* Begin PBXProject section */
		86FB958C2A2113660069BFA1 /* Project object */ = {
			isa = PBXProject;
			attributes = {
				BuildIndependentTargetsInParallel = 1;
				LastSwiftUpdateCheck = 1420;
				LastUpgradeCheck = 1520;
				TargetAttributes = {
					86FB95932A2113660069BFA1 = {
						CreatedOnToolsVersion = 14.2;
					};
				};
			};
			buildConfigurationList = 86FB958F2A2113660069BFA1 /* Build configuration list for PBXProject "JustyVK" */;
			compatibilityVersion = "Xcode 14.0";
			developmentRegion = en;
			hasScannedForEncodings = 0;
			knownRegions = (
				en,
				Base,
			);
			mainGroup = 86FB958B2A2113660069BFA1;
			packageReferences = (
				8658A6442A325D4B00D3F4C5 /* XCRemoteSwiftPackageReference "SDWebImage" */,
				8658A6452A325D6600D3F4C5 /* XCRemoteSwiftPackageReference "SDWebImageSwiftUI" */,
				86E279AF2B782BB000819A72 /* XCRemoteSwiftPackageReference "lottie-ios" */,
			);
			productRefGroup = 86FB958B2A2113660069BFA1;
			projectDirPath = "";
			projectRoot = "";
			targets = (
				86FB95932A2113660069BFA1 /* JustyVK */,
			);
		};
/* End PBXProject section */

/* Begin PBXResourcesBuildPhase section */
		86FB95922A2113660069BFA1 /* Resources */ = {
			isa = PBXResourcesBuildPhase;
			buildActionMask = 2147483647;
			files = (
				86FB959F2A2113680069BFA1 /* Preview Assets.xcassets in Resources */,
				86FB959C2A2113680069BFA1 /* Assets.xcassets in Resources */,
			);
			runOnlyForDeploymentPostprocessing = 0;
		};
/* End PBXResourcesBuildPhase section */

/* Begin PBXShellScriptBuildPhase section */
		12358E8393D31E96A2524029 /* [CP] Embed Pods Frameworks */ = {
			isa = PBXShellScriptBuildPhase;
			buildActionMask = 2147483647;
			files = (
			);
			inputFileListPaths = (
				"${PODS_ROOT}/Target Support Files/Pods-Весточка/Pods-Весточка-frameworks-${CONFIGURATION}-input-files.xcfilelist",
			);
			name = "[CP] Embed Pods Frameworks";
			outputFileListPaths = (
				"${PODS_ROOT}/Target Support Files/Pods-Весточка/Pods-Весточка-frameworks-${CONFIGURATION}-output-files.xcfilelist",
			);
			runOnlyForDeploymentPostprocessing = 0;
			shellPath = /bin/sh;
			shellScript = "\"${PODS_ROOT}/Target Support Files/Pods-Весточка/Pods-Весточка-frameworks.sh\"\n";
			showEnvVarsInLog = 0;
		};
		84169B26081ECE286191038A /* [CP] Check Pods Manifest.lock */ = {
			isa = PBXShellScriptBuildPhase;
			buildActionMask = 2147483647;
			files = (
			);
			inputFileListPaths = (
			);
			inputPaths = (
				"${PODS_PODFILE_DIR_PATH}/Podfile.lock",
				"${PODS_ROOT}/Manifest.lock",
			);
			name = "[CP] Check Pods Manifest.lock";
			outputFileListPaths = (
			);
			outputPaths = (
				"$(DERIVED_FILE_DIR)/Pods-Весточка-checkManifestLockResult.txt",
			);
			runOnlyForDeploymentPostprocessing = 0;
			shellPath = /bin/sh;
			shellScript = "diff \"${PODS_PODFILE_DIR_PATH}/Podfile.lock\" \"${PODS_ROOT}/Manifest.lock\" > /dev/null\nif [ $? != 0 ] ; then\n    # print error to STDERR\n    echo \"error: The sandbox is not in sync with the Podfile.lock. Run 'pod install' or update your CocoaPods installation.\" >&2\n    exit 1\nfi\n# This output is used by Xcode 'outputs' to avoid re-running this script phase.\necho \"SUCCESS\" > \"${SCRIPT_OUTPUT_FILE_0}\"\n";
			showEnvVarsInLog = 0;
		};
/* End PBXShellScriptBuildPhase section */

/* Begin PBXSourcesBuildPhase section */
		86FB95902A2113660069BFA1 /* Sources */ = {
			isa = PBXSourcesBuildPhase;
			buildActionMask = 2147483647;
			files = (
				863D0EAF2B80306A00247CB7 /* MessageTime.swift in Sources */,
				86D4E9F72B8398C6008A08A2 /* NewMessageEvent.swift in Sources */,
				8658A64B2A32B66000D3F4C5 /* Photo.swift in Sources */,
				86B0803A2B8B926C00CAC946 /* FloatingTime.swift in Sources */,
				86FB959A2A2113660069BFA1 /* ContentView.swift in Sources */,
				86DB1AFF2B6EABC8006A1BCD /* Attachment.swift in Sources */,
				86E279AE2B77963100819A72 /* GetMessageList.swift in Sources */,
				8617DCCF2A3185010099E3C1 /* VKAuthWebView.swift in Sources */,
				86FB1AD32A2E659300E9D912 /* TabBar.swift in Sources */,
				866667002A2A10CB0089A054 /* MessageInput.swift in Sources */,
				6968E91E2C15A840003941DE /* MessageAvatar.swift in Sources */,
				86DB1AFD2B6EA975006A1BCD /* Message.swift in Sources */,
				8649DCDC2B81882E00353F05 /* LongPollResponse.swift in Sources */,
				86A0B3F52B6FC89D00901F42 /* Chat.swift in Sources */,
				8633F3AD2B70395300C5B0F0 /* ChatType.swift in Sources */,
				869CBDE72A27FA57006171DD /* MessageItem.swift in Sources */,
				86DDFA692B926E98002239D4 /* FriendViewModel.swift in Sources */,
				8658A6432A32498C00D3F4C5 /* SwiftVK.swift in Sources */,
				8623F9702A30169C00270CD5 /* Extensions.swift in Sources */,
				86088CCF2B7774750010D6F0 /* Group.swift in Sources */,
				8656065A2A39914D004917AA /* Global.swift in Sources */,
				86E279BC2B78F15000819A72 /* WebInteractions.swift in Sources */,
				8633F3A72B6FE33B00C5B0F0 /* DialogModifiers.swift in Sources */,
				86B080492B8B994D00CAC946 /* DialogListViewModel.swift in Sources */,
				86D76FE62B7E86E800D46B1C /* Background.swift in Sources */,
				86D4E9E82B82F1BD008A08A2 /* SwiftVKGroups.swift in Sources */,
				86E279B42B782D5E00819A72 /* LottieView.swift in Sources */,
				86D4E9E32B82F152008A08A2 /* SwiftVKMessages.swift in Sources */,
				6968E9122C14DE7C003941DE /* Conversations.swift in Sources */,
				86D76FE32B7E6F6100D46B1C /* StickerSizes.swift in Sources */,
				863D0EAD2B802DA200247CB7 /* ViewExtensions.swift in Sources */,
				8624F3DC2A266C1F00FA20B1 /* ConversationsPage.swift in Sources */,
				8633F3A92B6FEC9B00C5B0F0 /* MessageToolbar.swift in Sources */,
				86088CD42B7783A40010D6F0 /* Sticker.swift in Sources */,
				8617DCD12A31857F0099E3C1 /* UserInfo.swift in Sources */,
				86DDFA6B2B938604002239D4 /* FriendsPageToolbar.swift in Sources */,
				86DDFA652B9268D5002239D4 /* UserProfileViewModel.swift in Sources */,
				862588D22B8AD0ED00BAFA29 /* Attachments.swift in Sources */,
				8608162C2A2756CD00AF16C7 /* MessengerPage.swift in Sources */,
				6968E9162C14E662003941DE /* PushSettings.swift in Sources */,
				86D4E9EC2B82F440008A08A2 /* LongPollUpdates.swift in Sources */,
				86E279BE2B791B3100819A72 /* FileSystemInteractions.swift in Sources */,
				862588CA2B8A967B00BAFA29 /* GlobalUIStates.swift in Sources */,
				86088CD72B778F8C0010D6F0 /* MessageContext.swift in Sources */,
				86E279BA2B78EED400819A72 /* AnimatedMessageSticker.swift in Sources */,
				8625D8302B753F3D007361EC /* Response.swift in Sources */,
				862588CC2B8AA16200BAFA29 /* DialogViewModel.swift in Sources */,
				6968E9142C14DE9C003941DE /* Conversation.swift in Sources */,
				861BD67E2A2D1170002F5404 /* ProfileButtonsBar.swift in Sources */,
				86088CD12B7774AE0010D6F0 /* Groups.swift in Sources */,
				86A0B3F82B6FC90400901F42 /* PinnedMessage.swift in Sources */,
				86DB1B022B6EAC5B006A1BCD /* Video.swift in Sources */,
				86D4E9F02B8300A7008A08A2 /* SwiftVKLongPoll.swift in Sources */,
				862588D02B8AC80200BAFA29 /* MessageViewModel.swift in Sources */,
				8624F3E52A26748700FA20B1 /* UserOnlineStatus.swift in Sources */,
				8690CF522B938ABE00D9FF4E /* FriendAvatar.swift in Sources */,
				861BD67A2A2D06DC002F5404 /* UserProfile.swift in Sources */,
				86DB1AFB2B6EA967006A1BCD /* Messages.swift in Sources */,
				8624F3DE2A266CE900FA20B1 /* Settings.swift in Sources */,
				86D4E9F22B838012008A08A2 /* LongPollEventListener.swift in Sources */,
				865A3E812A2D7C6400F6303F /* UserProfileInfoRow.swift in Sources */,
				86DDFA6D2B93879F002239D4 /* FriendRowOverlay.swift in Sources */,
				86E279B82B78EEC000819A72 /* MessageSticker.swift in Sources */,
				8658A6542A32B70200D3F4C5 /* Friends.swift in Sources */,
				8624F3E22A266E7F00FA20B1 /* ConversationItem.swift in Sources */,
				8658A6562A32B71D00D3F4C5 /* Friend.swift in Sources */,
				8624F3E02A266D2A00FA20B1 /* FriendsPage.swift in Sources */,
				8624F3EB2A26C36800FA20B1 /* ReadStatus.swift in Sources */,
				6968E9202C15B3EF003941DE /* MessageProfileInfo.swift in Sources */,
				86B0804B2B8BA63D00CAC946 /* MessengerViewModel.swift in Sources */,
				86D4E9E12B82F0B1008A08A2 /* SwiftVKUsers.swift in Sources */,
				86D4E9E52B82F18A008A08A2 /* SwiftVKPhotos.swift in Sources */,
				867EC29C2A2957500003645F /* MessageNavbar.swift in Sources */,
				861BD6802A2D1E6E002F5404 /* HorizontalProfileAttachments.swift in Sources */,
				8649DCDA2B8182AB00353F05 /* LongPoll.swift in Sources */,
				86FB1AD12A2E653400E9D912 /* SplashScreen.swift in Sources */,
				86088CD92B7790AB0010D6F0 /* MessageStyles.swift in Sources */,
				86D76FED2B7F650000D46B1C /* AttachmentsGrid.swift in Sources */,
				86D4E9F92B8399FC008A08A2 /* LongPollEvent.swift in Sources */,
				867EC29E2A295AE80003645F /* UnreadMessagesCount.swift in Sources */,
				6968E9222C15B48C003941DE /* OnlineInfo.swift in Sources */,
				6968E91C2C14E83A003941DE /* ChatPhoto.swift in Sources */,
				8633F3AB2B7037CA00C5B0F0 /* MessageToolbarImage.swift in Sources */,
				8658A64D2A32B69100D3F4C5 /* Photos.swift in Sources */,
				862588CE2B8AB5D200BAFA29 /* SwiftVKSingletone.swift in Sources */,
				862588D42B8B581300BAFA29 /* StickerAttachment.swift in Sources */,
				863D0EAB2B802B8000247CB7 /* MessageText.swift in Sources */,
				86FDC9F32A3184850009322D /* Login.swift in Sources */,
				86D4E9EA2B82F203008A08A2 /* SwiftVKFriends.swift in Sources */,
				8658A65D2A32F11000D3F4C5 /* User.swift in Sources */,
				8625D8352B754121007361EC /* LastActivity.swift in Sources */,
				861BD67C2A2D0FC0002F5404 /* ProfileButtonLabel.swift in Sources */,
				862588D62B8B5AF800BAFA29 /* BooleanStack.swift in Sources */,
				8686099C2A2B81F000611BC6 /* FriendRow.swift in Sources */,
				6968E9182C14E6A1003941DE /* CanWrite.swift in Sources */,
				86FB95982A2113660069BFA1 /* AppInstance.swift in Sources */,
				86D76FEA2B7ECFAA00D46B1C /* MessageContent.swift in Sources */,
				863D0EB12B80E4F800247CB7 /* AttachmentImage.swift in Sources */,
				6968E91A2C14E7A6003941DE /* ChatSettings.swift in Sources */,
				86D3D3D72B94DABD0096CAF3 /* UserProfileAvatar.swift in Sources */,
			);
			runOnlyForDeploymentPostprocessing = 0;
		};
/* End PBXSourcesBuildPhase section */

/* Begin XCBuildConfiguration section */
		86FB95A02A2113680069BFA1 /* Debug */ = {
			isa = XCBuildConfiguration;
			buildSettings = {
				ALWAYS_SEARCH_USER_PATHS = NO;
				CLANG_ANALYZER_NONNULL = YES;
				CLANG_ANALYZER_NUMBER_OBJECT_CONVERSION = YES_AGGRESSIVE;
				CLANG_CXX_LANGUAGE_STANDARD = "gnu++20";
				CLANG_ENABLE_MODULES = YES;
				CLANG_ENABLE_OBJC_ARC = YES;
				CLANG_ENABLE_OBJC_WEAK = YES;
				CLANG_WARN_BLOCK_CAPTURE_AUTORELEASING = YES;
				CLANG_WARN_BOOL_CONVERSION = YES;
				CLANG_WARN_COMMA = YES;
				CLANG_WARN_CONSTANT_CONVERSION = YES;
				CLANG_WARN_DEPRECATED_OBJC_IMPLEMENTATIONS = YES;
				CLANG_WARN_DIRECT_OBJC_ISA_USAGE = YES_ERROR;
				CLANG_WARN_DOCUMENTATION_COMMENTS = YES;
				CLANG_WARN_EMPTY_BODY = YES;
				CLANG_WARN_ENUM_CONVERSION = YES;
				CLANG_WARN_INFINITE_RECURSION = YES;
				CLANG_WARN_INT_CONVERSION = YES;
				CLANG_WARN_NON_LITERAL_NULL_CONVERSION = YES;
				CLANG_WARN_OBJC_IMPLICIT_RETAIN_SELF = YES;
				CLANG_WARN_OBJC_LITERAL_CONVERSION = YES;
				CLANG_WARN_OBJC_ROOT_CLASS = YES_ERROR;
				CLANG_WARN_QUOTED_INCLUDE_IN_FRAMEWORK_HEADER = YES;
				CLANG_WARN_RANGE_LOOP_ANALYSIS = YES;
				CLANG_WARN_STRICT_PROTOTYPES = YES;
				CLANG_WARN_SUSPICIOUS_MOVE = YES;
				CLANG_WARN_UNGUARDED_AVAILABILITY = YES_AGGRESSIVE;
				CLANG_WARN_UNREACHABLE_CODE = YES;
				CLANG_WARN__DUPLICATE_METHOD_MATCH = YES;
				COPY_PHASE_STRIP = NO;
				DEBUG_INFORMATION_FORMAT = dwarf;
				ENABLE_STRICT_OBJC_MSGSEND = YES;
				ENABLE_TESTABILITY = YES;
				ENABLE_USER_SCRIPT_SANDBOXING = YES;
				GCC_C_LANGUAGE_STANDARD = gnu11;
				GCC_DYNAMIC_NO_PIC = NO;
				GCC_NO_COMMON_BLOCKS = YES;
				GCC_OPTIMIZATION_LEVEL = 0;
				GCC_PREPROCESSOR_DEFINITIONS = (
					"DEBUG=1",
					"$(inherited)",
				);
				GCC_WARN_64_TO_32_BIT_CONVERSION = YES;
				GCC_WARN_ABOUT_RETURN_TYPE = YES_ERROR;
				GCC_WARN_UNDECLARED_SELECTOR = YES;
				GCC_WARN_UNINITIALIZED_AUTOS = YES_AGGRESSIVE;
				GCC_WARN_UNUSED_FUNCTION = YES;
				GCC_WARN_UNUSED_VARIABLE = YES;
				IPHONEOS_DEPLOYMENT_TARGET = 17.2;
				MTL_ENABLE_DEBUG_INFO = INCLUDE_SOURCE;
				MTL_FAST_MATH = YES;
				ONLY_ACTIVE_ARCH = YES;
				SDKROOT = iphoneos;
				SWIFT_ACTIVE_COMPILATION_CONDITIONS = DEBUG;
				SWIFT_OPTIMIZATION_LEVEL = "-Onone";
			};
			name = Debug;
		};
		86FB95A12A2113680069BFA1 /* Release */ = {
			isa = XCBuildConfiguration;
			buildSettings = {
				ALWAYS_SEARCH_USER_PATHS = NO;
				CLANG_ANALYZER_NONNULL = YES;
				CLANG_ANALYZER_NUMBER_OBJECT_CONVERSION = YES_AGGRESSIVE;
				CLANG_CXX_LANGUAGE_STANDARD = "gnu++20";
				CLANG_ENABLE_MODULES = YES;
				CLANG_ENABLE_OBJC_ARC = YES;
				CLANG_ENABLE_OBJC_WEAK = YES;
				CLANG_WARN_BLOCK_CAPTURE_AUTORELEASING = YES;
				CLANG_WARN_BOOL_CONVERSION = YES;
				CLANG_WARN_COMMA = YES;
				CLANG_WARN_CONSTANT_CONVERSION = YES;
				CLANG_WARN_DEPRECATED_OBJC_IMPLEMENTATIONS = YES;
				CLANG_WARN_DIRECT_OBJC_ISA_USAGE = YES_ERROR;
				CLANG_WARN_DOCUMENTATION_COMMENTS = YES;
				CLANG_WARN_EMPTY_BODY = YES;
				CLANG_WARN_ENUM_CONVERSION = YES;
				CLANG_WARN_INFINITE_RECURSION = YES;
				CLANG_WARN_INT_CONVERSION = YES;
				CLANG_WARN_NON_LITERAL_NULL_CONVERSION = YES;
				CLANG_WARN_OBJC_IMPLICIT_RETAIN_SELF = YES;
				CLANG_WARN_OBJC_LITERAL_CONVERSION = YES;
				CLANG_WARN_OBJC_ROOT_CLASS = YES_ERROR;
				CLANG_WARN_QUOTED_INCLUDE_IN_FRAMEWORK_HEADER = YES;
				CLANG_WARN_RANGE_LOOP_ANALYSIS = YES;
				CLANG_WARN_STRICT_PROTOTYPES = YES;
				CLANG_WARN_SUSPICIOUS_MOVE = YES;
				CLANG_WARN_UNGUARDED_AVAILABILITY = YES_AGGRESSIVE;
				CLANG_WARN_UNREACHABLE_CODE = YES;
				CLANG_WARN__DUPLICATE_METHOD_MATCH = YES;
				COPY_PHASE_STRIP = NO;
				DEBUG_INFORMATION_FORMAT = "dwarf-with-dsym";
				ENABLE_NS_ASSERTIONS = NO;
				ENABLE_STRICT_OBJC_MSGSEND = YES;
				ENABLE_USER_SCRIPT_SANDBOXING = YES;
				GCC_C_LANGUAGE_STANDARD = gnu11;
				GCC_NO_COMMON_BLOCKS = YES;
				GCC_WARN_64_TO_32_BIT_CONVERSION = YES;
				GCC_WARN_ABOUT_RETURN_TYPE = YES_ERROR;
				GCC_WARN_UNDECLARED_SELECTOR = YES;
				GCC_WARN_UNINITIALIZED_AUTOS = YES_AGGRESSIVE;
				GCC_WARN_UNUSED_FUNCTION = YES;
				GCC_WARN_UNUSED_VARIABLE = YES;
				IPHONEOS_DEPLOYMENT_TARGET = 17.2;
				MTL_ENABLE_DEBUG_INFO = NO;
				MTL_FAST_MATH = YES;
				SDKROOT = iphoneos;
				SWIFT_COMPILATION_MODE = wholemodule;
				SWIFT_OPTIMIZATION_LEVEL = "-O";
				VALIDATE_PRODUCT = YES;
			};
			name = Release;
		};
		86FB95A32A2113680069BFA1 /* Debug */ = {
			isa = XCBuildConfiguration;
			baseConfigurationReference = D4C8506916E0E279C5EBBE75 /* Pods-Весточка.debug.xcconfig */;
			buildSettings = {
				ASSETCATALOG_COMPILER_APPICON_NAME = AppIcon;
				ASSETCATALOG_COMPILER_GLOBAL_ACCENT_COLOR_NAME = AccentColor;
				ASSETCATALOG_COMPILER_INCLUDE_ALL_APPICON_ASSETS = YES;
				CODE_SIGN_STYLE = Automatic;
				CURRENT_PROJECT_VERSION = 1;
				DEVELOPMENT_ASSET_PATHS = "\"JustyVK/Preview Content\"";
				DEVELOPMENT_TEAM = UZLQC3X283;
				ENABLE_PREVIEWS = YES;
				ENABLE_USER_SCRIPT_SANDBOXING = NO;
				GENERATE_INFOPLIST_FILE = YES;
				INFOPLIST_FILE = JustyVK/Info.plist;
				INFOPLIST_KEY_LSApplicationCategoryType = "public.app-category.social-networking";
				INFOPLIST_KEY_UIApplicationSceneManifest_Generation = YES;
				INFOPLIST_KEY_UIApplicationSupportsIndirectInputEvents = YES;
				INFOPLIST_KEY_UILaunchScreen_Generation = YES;
				INFOPLIST_KEY_UISupportedInterfaceOrientations_iPad = "UIInterfaceOrientationPortrait UIInterfaceOrientationPortraitUpsideDown UIInterfaceOrientationLandscapeLeft UIInterfaceOrientationLandscapeRight";
				INFOPLIST_KEY_UISupportedInterfaceOrientations_iPhone = "UIInterfaceOrientationPortrait UIInterfaceOrientationLandscapeLeft UIInterfaceOrientationLandscapeRight";
				IPHONEOS_DEPLOYMENT_TARGET = 17.2;
				LD_RUNPATH_SEARCH_PATHS = (
					"$(inherited)",
					"@executable_path/Frameworks",
				);
				MARKETING_VERSION = 1.0;
				PRODUCT_BUNDLE_IDENTIFIER = vladislavsivolobov.JustyVK;
				PRODUCT_NAME = "$(TARGET_NAME)";
				SWIFT_EMIT_LOC_STRINGS = YES;
				SWIFT_VERSION = 5.0;
				TARGETED_DEVICE_FAMILY = "1,2";
			};
			name = Debug;
		};
		86FB95A42A2113680069BFA1 /* Release */ = {
			isa = XCBuildConfiguration;
			baseConfigurationReference = 09A4F6C351E9B03C73851E90 /* Pods-Весточка.release.xcconfig */;
			buildSettings = {
				ASSETCATALOG_COMPILER_APPICON_NAME = AppIcon;
				ASSETCATALOG_COMPILER_GLOBAL_ACCENT_COLOR_NAME = AccentColor;
				ASSETCATALOG_COMPILER_INCLUDE_ALL_APPICON_ASSETS = YES;
				CODE_SIGN_STYLE = Automatic;
				CURRENT_PROJECT_VERSION = 1;
				DEVELOPMENT_ASSET_PATHS = "\"JustyVK/Preview Content\"";
				DEVELOPMENT_TEAM = UZLQC3X283;
				ENABLE_PREVIEWS = YES;
				ENABLE_USER_SCRIPT_SANDBOXING = NO;
				GENERATE_INFOPLIST_FILE = YES;
				INFOPLIST_FILE = JustyVK/Info.plist;
				INFOPLIST_KEY_LSApplicationCategoryType = "public.app-category.social-networking";
				INFOPLIST_KEY_UIApplicationSceneManifest_Generation = YES;
				INFOPLIST_KEY_UIApplicationSupportsIndirectInputEvents = YES;
				INFOPLIST_KEY_UILaunchScreen_Generation = YES;
				INFOPLIST_KEY_UISupportedInterfaceOrientations_iPad = "UIInterfaceOrientationPortrait UIInterfaceOrientationPortraitUpsideDown UIInterfaceOrientationLandscapeLeft UIInterfaceOrientationLandscapeRight";
				INFOPLIST_KEY_UISupportedInterfaceOrientations_iPhone = "UIInterfaceOrientationPortrait UIInterfaceOrientationLandscapeLeft UIInterfaceOrientationLandscapeRight";
				IPHONEOS_DEPLOYMENT_TARGET = 17.2;
				LD_RUNPATH_SEARCH_PATHS = (
					"$(inherited)",
					"@executable_path/Frameworks",
				);
				MARKETING_VERSION = 1.0;
				PRODUCT_BUNDLE_IDENTIFIER = vladislavsivolobov.JustyVK;
				PRODUCT_NAME = "$(TARGET_NAME)";
				SWIFT_EMIT_LOC_STRINGS = YES;
				SWIFT_VERSION = 5.0;
				TARGETED_DEVICE_FAMILY = "1,2";
			};
			name = Release;
		};
/* End XCBuildConfiguration section */

/* Begin XCConfigurationList section */
		86FB958F2A2113660069BFA1 /* Build configuration list for PBXProject "JustyVK" */ = {
			isa = XCConfigurationList;
			buildConfigurations = (
				86FB95A02A2113680069BFA1 /* Debug */,
				86FB95A12A2113680069BFA1 /* Release */,
			);
			defaultConfigurationIsVisible = 0;
			defaultConfigurationName = Release;
		};
		86FB95A22A2113680069BFA1 /* Build configuration list for PBXNativeTarget "JustyVK" */ = {
			isa = XCConfigurationList;
			buildConfigurations = (
				86FB95A32A2113680069BFA1 /* Debug */,
				86FB95A42A2113680069BFA1 /* Release */,
			);
			defaultConfigurationIsVisible = 0;
			defaultConfigurationName = Release;
		};
/* End XCConfigurationList section */

/* Begin XCRemoteSwiftPackageReference section */
		8658A6442A325D4B00D3F4C5 /* XCRemoteSwiftPackageReference "SDWebImage" */ = {
			isa = XCRemoteSwiftPackageReference;
			repositoryURL = "https://github.com/SDWebImage/SDWebImage.git";
			requirement = {
				kind = upToNextMajorVersion;
				minimumVersion = 5.0.0;
			};
		};
		8658A6452A325D6600D3F4C5 /* XCRemoteSwiftPackageReference "SDWebImageSwiftUI" */ = {
			isa = XCRemoteSwiftPackageReference;
			repositoryURL = "https://github.com/SDWebImage/SDWebImageSwiftUI.git";
			requirement = {
				kind = upToNextMajorVersion;
				minimumVersion = 2.0.0;
			};
		};
		86E279AF2B782BB000819A72 /* XCRemoteSwiftPackageReference "lottie-ios" */ = {
			isa = XCRemoteSwiftPackageReference;
			repositoryURL = "https://github.com/airbnb/lottie-ios";
			requirement = {
				kind = upToNextMajorVersion;
				minimumVersion = 4.4.0;
			};
		};
/* End XCRemoteSwiftPackageReference section */

/* Begin XCSwiftPackageProductDependency section */
		8658A6462A325D6600D3F4C5 /* SDWebImageSwiftUI */ = {
			isa = XCSwiftPackageProductDependency;
			package = 8658A6452A325D6600D3F4C5 /* XCRemoteSwiftPackageReference "SDWebImageSwiftUI" */;
			productName = SDWebImageSwiftUI;
		};
		86E279B02B782BB000819A72 /* Lottie */ = {
			isa = XCSwiftPackageProductDependency;
			package = 86E279AF2B782BB000819A72 /* XCRemoteSwiftPackageReference "lottie-ios" */;
			productName = Lottie;
		};
/* End XCSwiftPackageProductDependency section */
	};
	rootObject = 86FB958C2A2113660069BFA1 /* Project object */;
}
