{
  "originHash" : "e879f3623ecdc0c9d70a59ab8402784ef264ca5a7d6e44fd04531fc5bb469c5e",
  "pins" : [
    {
      "identity" : "lottie-ios",
      "kind" : "remoteSourceControl",
      "location" : "https://github.com/airbnb/lottie-ios",
      "state" : {
        "revision" : "769b88d83a42ca8d5572b020c96f47e3690b3796",
        "version" : "4.4.3"
      }
    },
    {
      "identity" : "sdwebimage",
      "kind" : "remoteSourceControl",
      "location" : "https://github.com/SDWebImage/SDWebImage.git",
      "state" : {
        "revision" : "b8523c1642f3c142b06dd98443ea7c48343a4dfd",
        "version" : "5.19.3"
      }
    },
    {
      "identity" : "sdwebimageswiftui",
      "kind" : "remoteSourceControl",
      "location" : "https://github.com/SDWebImage/SDWebImageSwiftUI.git",
      "state" : {
        "revision" : "53573d6dd017e354c0e7d8f1c86b77ef1383c996",
        "version" : "2.2.7"
      }
    }
  ],
  "version" : 3
}
