// !$*UTF8*$!
{
	archiveVersion = 1;
	classes = {
	};
	objectVersion = 56;
	objects = {

/* Begin PBXBuildFile section */
		8608162C2A2756CD00AF16C7 /* MessageList.swift in Sources */ = {isa = PBXBuildFile; fileRef = 8608162B2A2756CD00AF16C7 /* MessageList.swift */; };
		8608162F2A27589E00AF16C7 /* Dialogs.swift in Sources */ = {isa = PBXBuildFile; fileRef = 8608162E2A27589E00AF16C7 /* Dialogs.swift */; };
		861BD67A2A2D06DC002F5404 /* UserProfile.swift in Sources */ = {isa = PBXBuildFile; fileRef = 861BD6792A2D06DC002F5404 /* UserProfile.swift */; };
		861BD67C2A2D0FC0002F5404 /* ProfileButtonLabel.swift in Sources */ = {isa = PBXBuildFile; fileRef = 861BD67B2A2D0FC0002F5404 /* ProfileButtonLabel.swift */; };
		861BD67E2A2D1170002F5404 /* ProfileButtonsBar.swift in Sources */ = {isa = PBXBuildFile; fileRef = 861BD67D2A2D1170002F5404 /* ProfileButtonsBar.swift */; };
		861BD6802A2D1E6E002F5404 /* HorizontalProfileAttachments.swift in Sources */ = {isa = PBXBuildFile; fileRef = 861BD67F2A2D1E6E002F5404 /* HorizontalProfileAttachments.swift */; };
		8623F9702A30169C00270CD5 /* Extensions.swift in Sources */ = {isa = PBXBuildFile; fileRef = 8623F96F2A30169C00270CD5 /* Extensions.swift */; };
		8624F3DC2A266C1F00FA20B1 /* DialogList.swift in Sources */ = {isa = PBXBuildFile; fileRef = 8624F3DB2A266C1F00FA20B1 /* DialogList.swift */; };
		8624F3DE2A266CE900FA20B1 /* Settings.swift in Sources */ = {isa = PBXBuildFile; fileRef = 8624F3DD2A266CE900FA20B1 /* Settings.swift */; };
		8624F3E02A266D2A00FA20B1 /* FriendList.swift in Sources */ = {isa = PBXBuildFile; fileRef = 8624F3DF2A266D2A00FA20B1 /* FriendList.swift */; };
		8624F3E22A266E7F00FA20B1 /* DialogRow.swift in Sources */ = {isa = PBXBuildFile; fileRef = 8624F3E12A266E7F00FA20B1 /* DialogRow.swift */; };
		8624F3E52A26748700FA20B1 /* UserOnlineStatus.swift in Sources */ = {isa = PBXBuildFile; fileRef = 8624F3E42A26748700FA20B1 /* UserOnlineStatus.swift */; };
		8624F3EB2A26C36800FA20B1 /* ReadMessageStatus.swift in Sources */ = {isa = PBXBuildFile; fileRef = 8624F3EA2A26C36800FA20B1 /* ReadMessageStatus.swift */; };
		865A3E812A2D7C6400F6303F /* UserProfileInfoRow.swift in Sources */ = {isa = PBXBuildFile; fileRef = 865A3E802A2D7C6400F6303F /* UserProfileInfoRow.swift */; };
		866667002A2A10CB0089A054 /* MessageInput.swift in Sources */ = {isa = PBXBuildFile; fileRef = 866666FF2A2A10CB0089A054 /* MessageInput.swift */; };
		867EC29C2A2957500003645F /* MessageNavbar.swift in Sources */ = {isa = PBXBuildFile; fileRef = 867EC29B2A2957500003645F /* MessageNavbar.swift */; };
		867EC29E2A295AE80003645F /* UnreadMessagesCount.swift in Sources */ = {isa = PBXBuildFile; fileRef = 867EC29D2A295AE80003645F /* UnreadMessagesCount.swift */; };
		8686099C2A2B81F000611BC6 /* FriendRow.swift in Sources */ = {isa = PBXBuildFile; fileRef = 8686099B2A2B81F000611BC6 /* FriendRow.swift */; };
		869CBDE72A27FA57006171DD /* MessageCloud.swift in Sources */ = {isa = PBXBuildFile; fileRef = 869CBDE62A27FA57006171DD /* MessageCloud.swift */; };
		86B897B02A27D13D00D0D633 /* AuthPage.swift in Sources */ = {isa = PBXBuildFile; fileRef = 86B897AF2A27D13D00D0D633 /* AuthPage.swift */; };
		86B897B32A27D32700D0D633 /* VKDelegate.swift in Sources */ = {isa = PBXBuildFile; fileRef = 86B897B22A27D32700D0D633 /* VKDelegate.swift */; };
		86FB1AD12A2E653400E9D912 /* SplashScreen.swift in Sources */ = {isa = PBXBuildFile; fileRef = 86FB1AD02A2E653400E9D912 /* SplashScreen.swift */; };
		86FB1AD32A2E659300E9D912 /* TabBar.swift in Sources */ = {isa = PBXBuildFile; fileRef = 86FB1AD22A2E659300E9D912 /* TabBar.swift */; };
		86FB95982A2113660069BFA1 /* AppInstance.swift in Sources */ = {isa = PBXBuildFile; fileRef = 86FB95972A2113660069BFA1 /* AppInstance.swift */; };
		86FB959A2A2113660069BFA1 /* ContentView.swift in Sources */ = {isa = PBXBuildFile; fileRef = 86FB95992A2113660069BFA1 /* ContentView.swift */; };
		86FB959C2A2113680069BFA1 /* Assets.xcassets in Resources */ = {isa = PBXBuildFile; fileRef = 86FB959B2A2113680069BFA1 /* Assets.xcassets */; };
		86FB959F2A2113680069BFA1 /* Preview Assets.xcassets in Resources */ = {isa = PBXBuildFile; fileRef = 86FB959E2A2113680069BFA1 /* Preview Assets.xcassets */; };
/* End PBXBuildFile section */

/* Begin PBXFileReference section */
		09A4F6C351E9B03C73851E90 /* Pods-Весточка.release.xcconfig */ = {isa = PBXFileReference; includeInIndex = 1; lastKnownFileType = text.xcconfig; name = "Pods-Весточка.release.xcconfig"; path = "Target Support Files/Pods-Весточка/Pods-Весточка.release.xcconfig"; sourceTree = "<group>"; };
		8608162B2A2756CD00AF16C7 /* MessageList.swift */ = {isa = PBXFileReference; lastKnownFileType = sourcecode.swift; path = MessageList.swift; sourceTree = "<group>"; };
		8608162E2A27589E00AF16C7 /* Dialogs.swift */ = {isa = PBXFileReference; lastKnownFileType = sourcecode.swift; path = Dialogs.swift; sourceTree = "<group>"; };
		861BD6792A2D06DC002F5404 /* UserProfile.swift */ = {isa = PBXFileReference; lastKnownFileType = sourcecode.swift; path = UserProfile.swift; sourceTree = "<group>"; };
		861BD67B2A2D0FC0002F5404 /* ProfileButtonLabel.swift */ = {isa = PBXFileReference; lastKnownFileType = sourcecode.swift; path = ProfileButtonLabel.swift; sourceTree = "<group>"; };
		861BD67D2A2D1170002F5404 /* ProfileButtonsBar.swift */ = {isa = PBXFileReference; lastKnownFileType = sourcecode.swift; path = ProfileButtonsBar.swift; sourceTree = "<group>"; };
		861BD67F2A2D1E6E002F5404 /* HorizontalProfileAttachments.swift */ = {isa = PBXFileReference; lastKnownFileType = sourcecode.swift; path = HorizontalProfileAttachments.swift; sourceTree = "<group>"; };
		8623F96F2A30169C00270CD5 /* Extensions.swift */ = {isa = PBXFileReference; lastKnownFileType = sourcecode.swift; path = Extensions.swift; sourceTree = "<group>"; };
		8624F3DB2A266C1F00FA20B1 /* DialogList.swift */ = {isa = PBXFileReference; lastKnownFileType = sourcecode.swift; path = DialogList.swift; sourceTree = "<group>"; };
		8624F3DD2A266CE900FA20B1 /* Settings.swift */ = {isa = PBXFileReference; lastKnownFileType = sourcecode.swift; path = Settings.swift; sourceTree = "<group>"; };
		8624F3DF2A266D2A00FA20B1 /* FriendList.swift */ = {isa = PBXFileReference; lastKnownFileType = sourcecode.swift; path = FriendList.swift; sourceTree = "<group>"; };
		8624F3E12A266E7F00FA20B1 /* DialogRow.swift */ = {isa = PBXFileReference; lastKnownFileType = sourcecode.swift; path = DialogRow.swift; sourceTree = "<group>"; };
		8624F3E42A26748700FA20B1 /* UserOnlineStatus.swift */ = {isa = PBXFileReference; lastKnownFileType = sourcecode.swift; path = UserOnlineStatus.swift; sourceTree = "<group>"; };
		8624F3EA2A26C36800FA20B1 /* ReadMessageStatus.swift */ = {isa = PBXFileReference; lastKnownFileType = sourcecode.swift; path = ReadMessageStatus.swift; sourceTree = "<group>"; };
		865A3E802A2D7C6400F6303F /* UserProfileInfoRow.swift */ = {isa = PBXFileReference; lastKnownFileType = sourcecode.swift; path = UserProfileInfoRow.swift; sourceTree = "<group>"; };
		866666FF2A2A10CB0089A054 /* MessageInput.swift */ = {isa = PBXFileReference; lastKnownFileType = sourcecode.swift; path = MessageInput.swift; sourceTree = "<group>"; };
		867EC29B2A2957500003645F /* MessageNavbar.swift */ = {isa = PBXFileReference; lastKnownFileType = sourcecode.swift; path = MessageNavbar.swift; sourceTree = "<group>"; };
		867EC29D2A295AE80003645F /* UnreadMessagesCount.swift */ = {isa = PBXFileReference; lastKnownFileType = sourcecode.swift; path = UnreadMessagesCount.swift; sourceTree = "<group>"; };
		8686099B2A2B81F000611BC6 /* FriendRow.swift */ = {isa = PBXFileReference; lastKnownFileType = sourcecode.swift; path = FriendRow.swift; sourceTree = "<group>"; };
		869CBDE62A27FA57006171DD /* MessageCloud.swift */ = {isa = PBXFileReference; lastKnownFileType = sourcecode.swift; path = MessageCloud.swift; sourceTree = "<group>"; };
		86B897AF2A27D13D00D0D633 /* AuthPage.swift */ = {isa = PBXFileReference; lastKnownFileType = sourcecode.swift; path = AuthPage.swift; sourceTree = "<group>"; };
		86B897B22A27D32700D0D633 /* VKDelegate.swift */ = {isa = PBXFileReference; lastKnownFileType = sourcecode.swift; path = VKDelegate.swift; sourceTree = "<group>"; };
		86B897B42A27DE7500D0D633 /* Info.plist */ = {isa = PBXFileReference; lastKnownFileType = text.plist; path = Info.plist; sourceTree = "<group>"; };
		86DBB5CA2A2FCCEF00AF3E8E /* Весточка.app */ = {isa = PBXFileReference; explicitFileType = wrapper.application; includeInIndex = 0; path = "Весточка.app"; sourceTree = BUILT_PRODUCTS_DIR; };
		86FB1AD02A2E653400E9D912 /* SplashScreen.swift */ = {isa = PBXFileReference; lastKnownFileType = sourcecode.swift; path = SplashScreen.swift; sourceTree = "<group>"; };
		86FB1AD22A2E659300E9D912 /* TabBar.swift */ = {isa = PBXFileReference; lastKnownFileType = sourcecode.swift; path = TabBar.swift; sourceTree = "<group>"; };
		86FB95972A2113660069BFA1 /* AppInstance.swift */ = {isa = PBXFileReference; lastKnownFileType = sourcecode.swift; path = AppInstance.swift; sourceTree = "<group>"; };
		86FB95992A2113660069BFA1 /* ContentView.swift */ = {isa = PBXFileReference; lastKnownFileType = sourcecode.swift; path = ContentView.swift; sourceTree = "<group>"; };
		86FB959B2A2113680069BFA1 /* Assets.xcassets */ = {isa = PBXFileReference; lastKnownFileType = folder.assetcatalog; path = Assets.xcassets; sourceTree = "<group>"; };
		86FB959E2A2113680069BFA1 /* Preview Assets.xcassets */ = {isa = PBXFileReference; lastKnownFileType = folder.assetcatalog; path = "Preview Assets.xcassets"; sourceTree = "<group>"; };
		D4C8506916E0E279C5EBBE75 /* Pods-Весточка.debug.xcconfig */ = {isa = PBXFileReference; includeInIndex = 1; lastKnownFileType = text.xcconfig; name = "Pods-Весточка.debug.xcconfig"; path = "Target Support Files/Pods-Весточка/Pods-Весточка.debug.xcconfig"; sourceTree = "<group>"; };
/* End PBXFileReference section */

/* Begin PBXFrameworksBuildPhase section */
		86FB95912A2113660069BFA1 /* Frameworks */ = {
			isa = PBXFrameworksBuildPhase;
			buildActionMask = 2147483647;
			files = (
			);
			runOnlyForDeploymentPostprocessing = 0;
		};
/* End PBXFrameworksBuildPhase section */

/* Begin PBXGroup section */
		860FC3A22A26181A00922426 /* Views */ = {
			isa = PBXGroup;
			children = (
				86FB95992A2113660069BFA1 /* ContentView.swift */,
				86FB1AD02A2E653400E9D912 /* SplashScreen.swift */,
				866DF0922A2C073800EFE771 /* UI */,
				861BD6782A2D06C2002F5404 /* UserProfile */,
				869CBDE82A27FA61006171DD /* Messages */,
				86B897B12A27D14200D0D633 /* Auth */,
				8686099A2A2B812600611BC6 /* Friends */,
				8624F3E32A266E8800FA20B1 /* Dialogs */,
				866DF0912A2C05CC00EFE771 /* Settings */,
			);
			path = Views;
			sourceTree = "<group>";
		};
		860FC3A32A26188B00922426 /* Model */ = {
			isa = PBXGroup;
			children = (
				8608162E2A27589E00AF16C7 /* Dialogs.swift */,
				86B897B22A27D32700D0D633 /* VKDelegate.swift */,
			);
			path = Model;
			sourceTree = "<group>";
		};
		861BD6782A2D06C2002F5404 /* UserProfile */ = {
			isa = PBXGroup;
			children = (
				861BD6792A2D06DC002F5404 /* UserProfile.swift */,
				861BD67B2A2D0FC0002F5404 /* ProfileButtonLabel.swift */,
				861BD67D2A2D1170002F5404 /* ProfileButtonsBar.swift */,
				861BD67F2A2D1E6E002F5404 /* HorizontalProfileAttachments.swift */,
				865A3E802A2D7C6400F6303F /* UserProfileInfoRow.swift */,
			);
			path = UserProfile;
			sourceTree = "<group>";
		};
		8624F3E32A266E8800FA20B1 /* Dialogs */ = {
			isa = PBXGroup;
			children = (
				8624F3DB2A266C1F00FA20B1 /* DialogList.swift */,
				8624F3E12A266E7F00FA20B1 /* DialogRow.swift */,
				867EC29D2A295AE80003645F /* UnreadMessagesCount.swift */,
			);
			path = Dialogs;
			sourceTree = "<group>";
		};
		866DF0912A2C05CC00EFE771 /* Settings */ = {
			isa = PBXGroup;
			children = (
				8624F3DD2A266CE900FA20B1 /* Settings.swift */,
			);
			path = Settings;
			sourceTree = "<group>";
		};
		866DF0922A2C073800EFE771 /* UI */ = {
			isa = PBXGroup;
			children = (
				8624F3EA2A26C36800FA20B1 /* ReadMessageStatus.swift */,
				8624F3E42A26748700FA20B1 /* UserOnlineStatus.swift */,
				86FB1AD22A2E659300E9D912 /* TabBar.swift */,
			);
			path = UI;
			sourceTree = "<group>";
		};
		8686099A2A2B812600611BC6 /* Friends */ = {
			isa = PBXGroup;
			children = (
				8624F3DF2A266D2A00FA20B1 /* FriendList.swift */,
				8686099B2A2B81F000611BC6 /* FriendRow.swift */,
			);
			path = Friends;
			sourceTree = "<group>";
		};
		869CBDE82A27FA61006171DD /* Messages */ = {
			isa = PBXGroup;
			children = (
				8608162B2A2756CD00AF16C7 /* MessageList.swift */,
				869CBDE62A27FA57006171DD /* MessageCloud.swift */,
				867EC29B2A2957500003645F /* MessageNavbar.swift */,
				866666FF2A2A10CB0089A054 /* MessageInput.swift */,
			);
			path = Messages;
			sourceTree = "<group>";
		};
		86B897B12A27D14200D0D633 /* Auth */ = {
			isa = PBXGroup;
			children = (
				86B897AF2A27D13D00D0D633 /* AuthPage.swift */,
			);
			path = Auth;
			sourceTree = "<group>";
		};
		86FB958B2A2113660069BFA1 = {
			isa = PBXGroup;
			children = (
				86FB95962A2113660069BFA1 /* IosApp */,
				E0161DB0CFC6CEA9D2CFA582 /* Pods */,
				86DBB5CA2A2FCCEF00AF3E8E /* Весточка.app */,
			);
			sourceTree = "<group>";
		};
		86FB95962A2113660069BFA1 /* IosApp */ = {
			isa = PBXGroup;
			children = (
				86B897B42A27DE7500D0D633 /* Info.plist */,
				86FB959D2A2113680069BFA1 /* Preview Content */,
				86FB959B2A2113680069BFA1 /* Assets.xcassets */,
				8623F96F2A30169C00270CD5 /* Extensions.swift */,
				86FB95972A2113660069BFA1 /* AppInstance.swift */,
				860FC3A32A26188B00922426 /* Model */,
				860FC3A22A26181A00922426 /* Views */,
			);
			path = IosApp;
			sourceTree = "<group>";
		};
		86FB959D2A2113680069BFA1 /* Preview Content */ = {
			isa = PBXGroup;
			children = (
				86FB959E2A2113680069BFA1 /* Preview Assets.xcassets */,
			);
			path = "Preview Content";
			sourceTree = "<group>";
		};
		E0161DB0CFC6CEA9D2CFA582 /* Pods */ = {
			isa = PBXGroup;
			children = (
				D4C8506916E0E279C5EBBE75 /* Pods-Весточка.debug.xcconfig */,
				09A4F6C351E9B03C73851E90 /* Pods-Весточка.release.xcconfig */,
			);
			path = Pods;
			sourceTree = "<group>";
		};
/* End PBXGroup section */

/* Begin PBXNativeTarget section */
		86FB95932A2113660069BFA1 /* Весточка */ = {
			isa = PBXNativeTarget;
			buildConfigurationList = 86FB95A22A2113680069BFA1 /* Build configuration list for PBXNativeTarget "Весточка" */;
			buildPhases = (
				84169B26081ECE286191038A /* [CP] Check Pods Manifest.lock */,
				86FB95902A2113660069BFA1 /* Sources */,
				86FB95912A2113660069BFA1 /* Frameworks */,
				86FB95922A2113660069BFA1 /* Resources */,
				12358E8393D31E96A2524029 /* [CP] Embed Pods Frameworks */,
			);
			buildRules = (
			);
			dependencies = (
			);
			name = "Весточка";
			productName = IosApp;
			productReference = 86DBB5CA2A2FCCEF00AF3E8E /* Весточка.app */;
			productType = "com.apple.product-type.application";
		};
/* End PBXNativeTarget section */

/* Begin PBXProject section */
		86FB958C2A2113660069BFA1 /* Project object */ = {
			isa = PBXProject;
			attributes = {
				BuildIndependentTargetsInParallel = 1;
				LastSwiftUpdateCheck = 1420;
				LastUpgradeCheck = 1420;
				TargetAttributes = {
					86FB95932A2113660069BFA1 = {
						CreatedOnToolsVersion = 14.2;
					};
				};
			};
			buildConfigurationList = 86FB958F2A2113660069BFA1 /* Build configuration list for PBXProject "Весточка" */;
			compatibilityVersion = "Xcode 14.0";
			developmentRegion = en;
			hasScannedForEncodings = 0;
			knownRegions = (
				en,
				Base,
			);
			mainGroup = 86FB958B2A2113660069BFA1;
			productRefGroup = 86FB958B2A2113660069BFA1;
			projectDirPath = "";
			projectRoot = "";
			targets = (
				86FB95932A2113660069BFA1 /* Весточка */,
			);
		};
/* End PBXProject section */

/* Begin PBXResourcesBuildPhase section */
		86FB95922A2113660069BFA1 /* Resources */ = {
			isa = PBXResourcesBuildPhase;
			buildActionMask = 2147483647;
			files = (
				86FB959F2A2113680069BFA1 /* Preview Assets.xcassets in Resources */,
				86FB959C2A2113680069BFA1 /* Assets.xcassets in Resources */,
			);
			runOnlyForDeploymentPostprocessing = 0;
		};
/* End PBXResourcesBuildPhase section */

/* Begin PBXShellScriptBuildPhase section */
		12358E8393D31E96A2524029 /* [CP] Embed Pods Frameworks */ = {
			isa = PBXShellScriptBuildPhase;
			buildActionMask = 2147483647;
			files = (
			);
			inputFileListPaths = (
				"${PODS_ROOT}/Target Support Files/Pods-Весточка/Pods-Весточка-frameworks-${CONFIGURATION}-input-files.xcfilelist",
			);
			name = "[CP] Embed Pods Frameworks";
			outputFileListPaths = (
				"${PODS_ROOT}/Target Support Files/Pods-Весточка/Pods-Весточка-frameworks-${CONFIGURATION}-output-files.xcfilelist",
			);
			runOnlyForDeploymentPostprocessing = 0;
			shellPath = /bin/sh;
			shellScript = "\"${PODS_ROOT}/Target Support Files/Pods-Весточка/Pods-Весточка-frameworks.sh\"\n";
			showEnvVarsInLog = 0;
		};
		84169B26081ECE286191038A /* [CP] Check Pods Manifest.lock */ = {
			isa = PBXShellScriptBuildPhase;
			buildActionMask = 2147483647;
			files = (
			);
			inputFileListPaths = (
			);
			inputPaths = (
				"${PODS_PODFILE_DIR_PATH}/Podfile.lock",
				"${PODS_ROOT}/Manifest.lock",
			);
			name = "[CP] Check Pods Manifest.lock";
			outputFileListPaths = (
			);
			outputPaths = (
				"$(DERIVED_FILE_DIR)/Pods-Весточка-checkManifestLockResult.txt",
			);
			runOnlyForDeploymentPostprocessing = 0;
			shellPath = /bin/sh;
			shellScript = "diff \"${PODS_PODFILE_DIR_PATH}/Podfile.lock\" \"${PODS_ROOT}/Manifest.lock\" > /dev/null\nif [ $? != 0 ] ; then\n    # print error to STDERR\n    echo \"error: The sandbox is not in sync with the Podfile.lock. Run 'pod install' or update your CocoaPods installation.\" >&2\n    exit 1\nfi\n# This output is used by Xcode 'outputs' to avoid re-running this script phase.\necho \"SUCCESS\" > \"${SCRIPT_OUTPUT_FILE_0}\"\n";
			showEnvVarsInLog = 0;
		};
/* End PBXShellScriptBuildPhase section */

/* Begin PBXSourcesBuildPhase section */
		86FB95902A2113660069BFA1 /* Sources */ = {
			isa = PBXSourcesBuildPhase;
			buildActionMask = 2147483647;
			files = (
				8608162F2A27589E00AF16C7 /* Dialogs.swift in Sources */,
				86FB959A2A2113660069BFA1 /* ContentView.swift in Sources */,
				86FB1AD32A2E659300E9D912 /* TabBar.swift in Sources */,
				866667002A2A10CB0089A054 /* MessageInput.swift in Sources */,
				86B897B02A27D13D00D0D633 /* AuthPage.swift in Sources */,
				869CBDE72A27FA57006171DD /* MessageCloud.swift in Sources */,
				8623F9702A30169C00270CD5 /* Extensions.swift in Sources */,
				8624F3DC2A266C1F00FA20B1 /* DialogList.swift in Sources */,
				8608162C2A2756CD00AF16C7 /* MessageList.swift in Sources */,
				861BD67E2A2D1170002F5404 /* ProfileButtonsBar.swift in Sources */,
				8624F3E52A26748700FA20B1 /* UserOnlineStatus.swift in Sources */,
				861BD67A2A2D06DC002F5404 /* UserProfile.swift in Sources */,
				8624F3DE2A266CE900FA20B1 /* Settings.swift in Sources */,
				865A3E812A2D7C6400F6303F /* UserProfileInfoRow.swift in Sources */,
				8624F3E22A266E7F00FA20B1 /* DialogRow.swift in Sources */,
				8624F3E02A266D2A00FA20B1 /* FriendList.swift in Sources */,
				8624F3EB2A26C36800FA20B1 /* ReadMessageStatus.swift in Sources */,
				867EC29C2A2957500003645F /* MessageNavbar.swift in Sources */,
				861BD6802A2D1E6E002F5404 /* HorizontalProfileAttachments.swift in Sources */,
				86FB1AD12A2E653400E9D912 /* SplashScreen.swift in Sources */,
				867EC29E2A295AE80003645F /* UnreadMessagesCount.swift in Sources */,
				861BD67C2A2D0FC0002F5404 /* ProfileButtonLabel.swift in Sources */,
				8686099C2A2B81F000611BC6 /* FriendRow.swift in Sources */,
				86FB95982A2113660069BFA1 /* AppInstance.swift in Sources */,
				86B897B32A27D32700D0D633 /* VKDelegate.swift in Sources */,
			);
			runOnlyForDeploymentPostprocessing = 0;
		};
/* End PBXSourcesBuildPhase section */

/* Begin XCBuildConfiguration section */
		86FB95A02A2113680069BFA1 /* Debug */ = {
			isa = XCBuildConfiguration;
			buildSettings = {
				ALWAYS_SEARCH_USER_PATHS = NO;
				CLANG_ANALYZER_NONNULL = YES;
				CLANG_ANALYZER_NUMBER_OBJECT_CONVERSION = YES_AGGRESSIVE;
				CLANG_CXX_LANGUAGE_STANDARD = "gnu++20";
				CLANG_ENABLE_MODULES = YES;
				CLANG_ENABLE_OBJC_ARC = YES;
				CLANG_ENABLE_OBJC_WEAK = YES;
				CLANG_WARN_BLOCK_CAPTURE_AUTORELEASING = YES;
				CLANG_WARN_BOOL_CONVERSION = YES;
				CLANG_WARN_COMMA = YES;
				CLANG_WARN_CONSTANT_CONVERSION = YES;
				CLANG_WARN_DEPRECATED_OBJC_IMPLEMENTATIONS = YES;
				CLANG_WARN_DIRECT_OBJC_ISA_USAGE = YES_ERROR;
				CLANG_WARN_DOCUMENTATION_COMMENTS = YES;
				CLANG_WARN_EMPTY_BODY = YES;
				CLANG_WARN_ENUM_CONVERSION = YES;
				CLANG_WARN_INFINITE_RECURSION = YES;
				CLANG_WARN_INT_CONVERSION = YES;
				CLANG_WARN_NON_LITERAL_NULL_CONVERSION = YES;
				CLANG_WARN_OBJC_IMPLICIT_RETAIN_SELF = YES;
				CLANG_WARN_OBJC_LITERAL_CONVERSION = YES;
				CLANG_WARN_OBJC_ROOT_CLASS = YES_ERROR;
				CLANG_WARN_QUOTED_INCLUDE_IN_FRAMEWORK_HEADER = YES;
				CLANG_WARN_RANGE_LOOP_ANALYSIS = YES;
				CLANG_WARN_STRICT_PROTOTYPES = YES;
				CLANG_WARN_SUSPICIOUS_MOVE = YES;
				CLANG_WARN_UNGUARDED_AVAILABILITY = YES_AGGRESSIVE;
				CLANG_WARN_UNREACHABLE_CODE = YES;
				CLANG_WARN__DUPLICATE_METHOD_MATCH = YES;
				COPY_PHASE_STRIP = NO;
				DEBUG_INFORMATION_FORMAT = dwarf;
				ENABLE_STRICT_OBJC_MSGSEND = YES;
				ENABLE_TESTABILITY = YES;
				GCC_C_LANGUAGE_STANDARD = gnu11;
				GCC_DYNAMIC_NO_PIC = NO;
				GCC_NO_COMMON_BLOCKS = YES;
				GCC_OPTIMIZATION_LEVEL = 0;
				GCC_PREPROCESSOR_DEFINITIONS = (
					"DEBUG=1",
					"$(inherited)",
				);
				GCC_WARN_64_TO_32_BIT_CONVERSION = YES;
				GCC_WARN_ABOUT_RETURN_TYPE = YES_ERROR;
				GCC_WARN_UNDECLARED_SELECTOR = YES;
				GCC_WARN_UNINITIALIZED_AUTOS = YES_AGGRESSIVE;
				GCC_WARN_UNUSED_FUNCTION = YES;
				GCC_WARN_UNUSED_VARIABLE = YES;
				IPHONEOS_DEPLOYMENT_TARGET = 16.1;
				MTL_ENABLE_DEBUG_INFO = INCLUDE_SOURCE;
				MTL_FAST_MATH = YES;
				ONLY_ACTIVE_ARCH = YES;
				SDKROOT = iphoneos;
				SWIFT_ACTIVE_COMPILATION_CONDITIONS = DEBUG;
				SWIFT_OPTIMIZATION_LEVEL = "-Onone";
			};
			name = Debug;
		};
		86FB95A12A2113680069BFA1 /* Release */ = {
			isa = XCBuildConfiguration;
			buildSettings = {
				ALWAYS_SEARCH_USER_PATHS = NO;
				CLANG_ANALYZER_NONNULL = YES;
				CLANG_ANALYZER_NUMBER_OBJECT_CONVERSION = YES_AGGRESSIVE;
				CLANG_CXX_LANGUAGE_STANDARD = "gnu++20";
				CLANG_ENABLE_MODULES = YES;
				CLANG_ENABLE_OBJC_ARC = YES;
				CLANG_ENABLE_OBJC_WEAK = YES;
				CLANG_WARN_BLOCK_CAPTURE_AUTORELEASING = YES;
				CLANG_WARN_BOOL_CONVERSION = YES;
				CLANG_WARN_COMMA = YES;
				CLANG_WARN_CONSTANT_CONVERSION = YES;
				CLANG_WARN_DEPRECATED_OBJC_IMPLEMENTATIONS = YES;
				CLANG_WARN_DIRECT_OBJC_ISA_USAGE = YES_ERROR;
				CLANG_WARN_DOCUMENTATION_COMMENTS = YES;
				CLANG_WARN_EMPTY_BODY = YES;
				CLANG_WARN_ENUM_CONVERSION = YES;
				CLANG_WARN_INFINITE_RECURSION = YES;
				CLANG_WARN_INT_CONVERSION = YES;
				CLANG_WARN_NON_LITERAL_NULL_CONVERSION = YES;
				CLANG_WARN_OBJC_IMPLICIT_RETAIN_SELF = YES;
				CLANG_WARN_OBJC_LITERAL_CONVERSION = YES;
				CLANG_WARN_OBJC_ROOT_CLASS = YES_ERROR;
				CLANG_WARN_QUOTED_INCLUDE_IN_FRAMEWORK_HEADER = YES;
				CLANG_WARN_RANGE_LOOP_ANALYSIS = YES;
				CLANG_WARN_STRICT_PROTOTYPES = YES;
				CLANG_WARN_SUSPICIOUS_MOVE = YES;
				CLANG_WARN_UNGUARDED_AVAILABILITY = YES_AGGRESSIVE;
				CLANG_WARN_UNREACHABLE_CODE = YES;
				CLANG_WARN__DUPLICATE_METHOD_MATCH = YES;
				COPY_PHASE_STRIP = NO;
				DEBUG_INFORMATION_FORMAT = "dwarf-with-dsym";
				ENABLE_NS_ASSERTIONS = NO;
				ENABLE_STRICT_OBJC_MSGSEND = YES;
				GCC_C_LANGUAGE_STANDARD = gnu11;
				GCC_NO_COMMON_BLOCKS = YES;
				GCC_WARN_64_TO_32_BIT_CONVERSION = YES;
				GCC_WARN_ABOUT_RETURN_TYPE = YES_ERROR;
				GCC_WARN_UNDECLARED_SELECTOR = YES;
				GCC_WARN_UNINITIALIZED_AUTOS = YES_AGGRESSIVE;
				GCC_WARN_UNUSED_FUNCTION = YES;
				GCC_WARN_UNUSED_VARIABLE = YES;
				IPHONEOS_DEPLOYMENT_TARGET = 16.1;
				MTL_ENABLE_DEBUG_INFO = NO;
				MTL_FAST_MATH = YES;
				SDKROOT = iphoneos;
				SWIFT_COMPILATION_MODE = wholemodule;
				SWIFT_OPTIMIZATION_LEVEL = "-O";
				VALIDATE_PRODUCT = YES;
			};
			name = Release;
		};
		86FB95A32A2113680069BFA1 /* Debug */ = {
			isa = XCBuildConfiguration;
			baseConfigurationReference = D4C8506916E0E279C5EBBE75 /* Pods-Весточка.debug.xcconfig */;
			buildSettings = {
				ASSETCATALOG_COMPILER_APPICON_NAME = AppIcon;
				ASSETCATALOG_COMPILER_GLOBAL_ACCENT_COLOR_NAME = AccentColor;
				ASSETCATALOG_COMPILER_INCLUDE_ALL_APPICON_ASSETS = YES;
				CODE_SIGN_STYLE = Automatic;
				CURRENT_PROJECT_VERSION = 1;
				DEVELOPMENT_ASSET_PATHS = "\"IosApp/Preview Content\"";
				DEVELOPMENT_TEAM = UZLQC3X283;
				ENABLE_PREVIEWS = YES;
				GENERATE_INFOPLIST_FILE = YES;
				INFOPLIST_FILE = IosApp/Info.plist;
				INFOPLIST_KEY_UIApplicationSceneManifest_Generation = YES;
				INFOPLIST_KEY_UIApplicationSupportsIndirectInputEvents = YES;
				INFOPLIST_KEY_UILaunchScreen_Generation = YES;
				INFOPLIST_KEY_UISupportedInterfaceOrientations_iPad = "UIInterfaceOrientationPortrait UIInterfaceOrientationPortraitUpsideDown UIInterfaceOrientationLandscapeLeft UIInterfaceOrientationLandscapeRight";
				INFOPLIST_KEY_UISupportedInterfaceOrientations_iPhone = "UIInterfaceOrientationPortrait UIInterfaceOrientationLandscapeLeft UIInterfaceOrientationLandscapeRight";
				IPHONEOS_DEPLOYMENT_TARGET = 16.1;
				LD_RUNPATH_SEARCH_PATHS = (
					"$(inherited)",
					"@executable_path/Frameworks",
				);
				MARKETING_VERSION = 1.0;
				PRODUCT_BUNDLE_IDENTIFIER = vladislavsivolobov.IosApp;
				PRODUCT_NAME = "$(TARGET_NAME)";
				SWIFT_EMIT_LOC_STRINGS = YES;
				SWIFT_VERSION = 5.0;
				TARGETED_DEVICE_FAMILY = "1,2";
			};
			name = Debug;
		};
		86FB95A42A2113680069BFA1 /* Release */ = {
			isa = XCBuildConfiguration;
			baseConfigurationReference = 09A4F6C351E9B03C73851E90 /* Pods-Весточка.release.xcconfig */;
			buildSettings = {
				ASSETCATALOG_COMPILER_APPICON_NAME = AppIcon;
				ASSETCATALOG_COMPILER_GLOBAL_ACCENT_COLOR_NAME = AccentColor;
				ASSETCATALOG_COMPILER_INCLUDE_ALL_APPICON_ASSETS = YES;
				CODE_SIGN_STYLE = Automatic;
				CURRENT_PROJECT_VERSION = 1;
				DEVELOPMENT_ASSET_PATHS = "\"IosApp/Preview Content\"";
				DEVELOPMENT_TEAM = UZLQC3X283;
				ENABLE_PREVIEWS = YES;
				GENERATE_INFOPLIST_FILE = YES;
				INFOPLIST_FILE = IosApp/Info.plist;
				INFOPLIST_KEY_UIApplicationSceneManifest_Generation = YES;
				INFOPLIST_KEY_UIApplicationSupportsIndirectInputEvents = YES;
				INFOPLIST_KEY_UILaunchScreen_Generation = YES;
				INFOPLIST_KEY_UISupportedInterfaceOrientations_iPad = "UIInterfaceOrientationPortrait UIInterfaceOrientationPortraitUpsideDown UIInterfaceOrientationLandscapeLeft UIInterfaceOrientationLandscapeRight";
				INFOPLIST_KEY_UISupportedInterfaceOrientations_iPhone = "UIInterfaceOrientationPortrait UIInterfaceOrientationLandscapeLeft UIInterfaceOrientationLandscapeRight";
				IPHONEOS_DEPLOYMENT_TARGET = 16.1;
				LD_RUNPATH_SEARCH_PATHS = (
					"$(inherited)",
					"@executable_path/Frameworks",
				);
				MARKETING_VERSION = 1.0;
				PRODUCT_BUNDLE_IDENTIFIER = vladislavsivolobov.IosApp;
				PRODUCT_NAME = "$(TARGET_NAME)";
				SWIFT_EMIT_LOC_STRINGS = YES;
				SWIFT_VERSION = 5.0;
				TARGETED_DEVICE_FAMILY = "1,2";
			};
			name = Release;
		};
/* End XCBuildConfiguration section */

/* Begin XCConfigurationList section */
		86FB958F2A2113660069BFA1 /* Build configuration list for PBXProject "Весточка" */ = {
			isa = XCConfigurationList;
			buildConfigurations = (
				86FB95A02A2113680069BFA1 /* Debug */,
				86FB95A12A2113680069BFA1 /* Release */,
			);
			defaultConfigurationIsVisible = 0;
			defaultConfigurationName = Release;
		};
		86FB95A22A2113680069BFA1 /* Build configuration list for PBXNativeTarget "Весточка" */ = {
			isa = XCConfigurationList;
			buildConfigurations = (
				86FB95A32A2113680069BFA1 /* Debug */,
				86FB95A42A2113680069BFA1 /* Release */,
			);
			defaultConfigurationIsVisible = 0;
			defaultConfigurationName = Release;
		};
/* End XCConfigurationList section */
	};
	rootObject = 86FB958C2A2113660069BFA1 /* Project object */;
}
