// !$*UTF8*$!
{
	archiveVersion = 1;
	classes = {
	};
	objectVersion = 56;
	objects = {

/* Begin PBXBuildFile section */
		8608162C2A2756CD00AF16C7 /* DialogPage.swift in Sources */ = {isa = PBXBuildFile; fileRef = 8608162B2A2756CD00AF16C7 /* DialogPage.swift */; };
		8608162F2A27589E00AF16C7 /* Dialogs.swift in Sources */ = {isa = PBXBuildFile; fileRef = 8608162E2A27589E00AF16C7 /* Dialogs.swift */; };
		8624F3DC2A266C1F00FA20B1 /* Messages.swift in Sources */ = {isa = PBXBuildFile; fileRef = 8624F3DB2A266C1F00FA20B1 /* Messages.swift */; };
		8624F3DE2A266CE900FA20B1 /* Settings.swift in Sources */ = {isa = PBXBuildFile; fileRef = 8624F3DD2A266CE900FA20B1 /* Settings.swift */; };
		8624F3E02A266D2A00FA20B1 /* Friends.swift in Sources */ = {isa = PBXBuildFile; fileRef = 8624F3DF2A266D2A00FA20B1 /* Friends.swift */; };
		8624F3E22A266E7F00FA20B1 /* MessageRow.swift in Sources */ = {isa = PBXBuildFile; fileRef = 8624F3E12A266E7F00FA20B1 /* MessageRow.swift */; };
		8624F3E52A26748700FA20B1 /* Online.swift in Sources */ = {isa = PBXBuildFile; fileRef = 8624F3E42A26748700FA20B1 /* Online.swift */; };
		8624F3EB2A26C36800FA20B1 /* ReadStatus.swift in Sources */ = {isa = PBXBuildFile; fileRef = 8624F3EA2A26C36800FA20B1 /* ReadStatus.swift */; };
		866667002A2A10CB0089A054 /* MessageInput.swift in Sources */ = {isa = PBXBuildFile; fileRef = 866666FF2A2A10CB0089A054 /* MessageInput.swift */; };
		867EC29C2A2957500003645F /* DialogNavbar.swift in Sources */ = {isa = PBXBuildFile; fileRef = 867EC29B2A2957500003645F /* DialogNavbar.swift */; };
		867EC29E2A295AE80003645F /* UnreadCountCircle.swift in Sources */ = {isa = PBXBuildFile; fileRef = 867EC29D2A295AE80003645F /* UnreadCountCircle.swift */; };
		8686099C2A2B81F000611BC6 /* Friend.swift in Sources */ = {isa = PBXBuildFile; fileRef = 8686099B2A2B81F000611BC6 /* Friend.swift */; };
		869CBDE72A27FA57006171DD /* SendedMessage.swift in Sources */ = {isa = PBXBuildFile; fileRef = 869CBDE62A27FA57006171DD /* SendedMessage.swift */; };
		86B897B02A27D13D00D0D633 /* Login.swift in Sources */ = {isa = PBXBuildFile; fileRef = 86B897AF2A27D13D00D0D633 /* Login.swift */; };
		86B897B32A27D32700D0D633 /* VKDelegate.swift in Sources */ = {isa = PBXBuildFile; fileRef = 86B897B22A27D32700D0D633 /* VKDelegate.swift */; };
		86FB95982A2113660069BFA1 /* AppInstance.swift in Sources */ = {isa = PBXBuildFile; fileRef = 86FB95972A2113660069BFA1 /* AppInstance.swift */; };
		86FB959A2A2113660069BFA1 /* ContentView.swift in Sources */ = {isa = PBXBuildFile; fileRef = 86FB95992A2113660069BFA1 /* ContentView.swift */; };
		86FB959C2A2113680069BFA1 /* Assets.xcassets in Resources */ = {isa = PBXBuildFile; fileRef = 86FB959B2A2113680069BFA1 /* Assets.xcassets */; };
		86FB959F2A2113680069BFA1 /* Preview Assets.xcassets in Resources */ = {isa = PBXBuildFile; fileRef = 86FB959E2A2113680069BFA1 /* Preview Assets.xcassets */; };
		FCA341A7C576D4EFC600E6C2 /* Pods_IosApp.framework in Frameworks */ = {isa = PBXBuildFile; fileRef = 09B0E9731A73DB486C96A969 /* Pods_IosApp.framework */; };
/* End PBXBuildFile section */

/* Begin PBXFileReference section */
		09B0E9731A73DB486C96A969 /* Pods_IosApp.framework */ = {isa = PBXFileReference; explicitFileType = wrapper.framework; includeInIndex = 0; path = Pods_IosApp.framework; sourceTree = BUILT_PRODUCTS_DIR; };
		72B26015A56371F28C623B88 /* Pods-IosApp.release.xcconfig */ = {isa = PBXFileReference; includeInIndex = 1; lastKnownFileType = text.xcconfig; name = "Pods-IosApp.release.xcconfig"; path = "Target Support Files/Pods-IosApp/Pods-IosApp.release.xcconfig"; sourceTree = "<group>"; };
		8608162B2A2756CD00AF16C7 /* DialogPage.swift */ = {isa = PBXFileReference; lastKnownFileType = sourcecode.swift; path = DialogPage.swift; sourceTree = "<group>"; };
		8608162E2A27589E00AF16C7 /* Dialogs.swift */ = {isa = PBXFileReference; lastKnownFileType = sourcecode.swift; path = Dialogs.swift; sourceTree = "<group>"; };
		8624F3DB2A266C1F00FA20B1 /* Messages.swift */ = {isa = PBXFileReference; lastKnownFileType = sourcecode.swift; path = Messages.swift; sourceTree = "<group>"; };
		8624F3DD2A266CE900FA20B1 /* Settings.swift */ = {isa = PBXFileReference; lastKnownFileType = sourcecode.swift; path = Settings.swift; sourceTree = "<group>"; };
		8624F3DF2A266D2A00FA20B1 /* Friends.swift */ = {isa = PBXFileReference; lastKnownFileType = sourcecode.swift; path = Friends.swift; sourceTree = "<group>"; };
		8624F3E12A266E7F00FA20B1 /* MessageRow.swift */ = {isa = PBXFileReference; lastKnownFileType = sourcecode.swift; path = MessageRow.swift; sourceTree = "<group>"; };
		8624F3E42A26748700FA20B1 /* Online.swift */ = {isa = PBXFileReference; lastKnownFileType = sourcecode.swift; path = Online.swift; sourceTree = "<group>"; };
		8624F3EA2A26C36800FA20B1 /* ReadStatus.swift */ = {isa = PBXFileReference; lastKnownFileType = sourcecode.swift; path = ReadStatus.swift; sourceTree = "<group>"; };
		866666FF2A2A10CB0089A054 /* MessageInput.swift */ = {isa = PBXFileReference; lastKnownFileType = sourcecode.swift; path = MessageInput.swift; sourceTree = "<group>"; };
		867EC29B2A2957500003645F /* DialogNavbar.swift */ = {isa = PBXFileReference; lastKnownFileType = sourcecode.swift; path = DialogNavbar.swift; sourceTree = "<group>"; };
		867EC29D2A295AE80003645F /* UnreadCountCircle.swift */ = {isa = PBXFileReference; lastKnownFileType = sourcecode.swift; path = UnreadCountCircle.swift; sourceTree = "<group>"; };
		8686099B2A2B81F000611BC6 /* Friend.swift */ = {isa = PBXFileReference; lastKnownFileType = sourcecode.swift; path = Friend.swift; sourceTree = "<group>"; };
		869CBDE62A27FA57006171DD /* SendedMessage.swift */ = {isa = PBXFileReference; lastKnownFileType = sourcecode.swift; path = SendedMessage.swift; sourceTree = "<group>"; };
		86B897AC2A27D0C000D0D633 /* Весточка.app */ = {isa = PBXFileReference; explicitFileType = wrapper.application; includeInIndex = 0; path = "Весточка.app"; sourceTree = BUILT_PRODUCTS_DIR; };
		86B897AF2A27D13D00D0D633 /* Login.swift */ = {isa = PBXFileReference; lastKnownFileType = sourcecode.swift; path = Login.swift; sourceTree = "<group>"; };
		86B897B22A27D32700D0D633 /* VKDelegate.swift */ = {isa = PBXFileReference; lastKnownFileType = sourcecode.swift; path = VKDelegate.swift; sourceTree = "<group>"; };
		86B897B42A27DE7500D0D633 /* Info.plist */ = {isa = PBXFileReference; lastKnownFileType = text.plist; path = Info.plist; sourceTree = "<group>"; };
		86FB95972A2113660069BFA1 /* AppInstance.swift */ = {isa = PBXFileReference; lastKnownFileType = sourcecode.swift; path = AppInstance.swift; sourceTree = "<group>"; };
		86FB95992A2113660069BFA1 /* ContentView.swift */ = {isa = PBXFileReference; lastKnownFileType = sourcecode.swift; path = ContentView.swift; sourceTree = "<group>"; };
		86FB959B2A2113680069BFA1 /* Assets.xcassets */ = {isa = PBXFileReference; lastKnownFileType = folder.assetcatalog; path = Assets.xcassets; sourceTree = "<group>"; };
		86FB959E2A2113680069BFA1 /* Preview Assets.xcassets */ = {isa = PBXFileReference; lastKnownFileType = folder.assetcatalog; path = "Preview Assets.xcassets"; sourceTree = "<group>"; };
		92B9725D222C70BBA5F0B783 /* Pods-IosApp.debug.xcconfig */ = {isa = PBXFileReference; includeInIndex = 1; lastKnownFileType = text.xcconfig; name = "Pods-IosApp.debug.xcconfig"; path = "Target Support Files/Pods-IosApp/Pods-IosApp.debug.xcconfig"; sourceTree = "<group>"; };
/* End PBXFileReference section */

/* Begin PBXFrameworksBuildPhase section */
		86FB95912A2113660069BFA1 /* Frameworks */ = {
			isa = PBXFrameworksBuildPhase;
			buildActionMask = 2147483647;
			files = (
				FCA341A7C576D4EFC600E6C2 /* Pods_IosApp.framework in Frameworks */,
			);
			runOnlyForDeploymentPostprocessing = 0;
		};
/* End PBXFrameworksBuildPhase section */

/* Begin PBXGroup section */
		0BA171BFDF686112A48D4262 /* Frameworks */ = {
			isa = PBXGroup;
			children = (
				09B0E9731A73DB486C96A969 /* Pods_IosApp.framework */,
			);
			name = Frameworks;
			sourceTree = "<group>";
		};
		860FC3A22A26181A00922426 /* Views */ = {
			isa = PBXGroup;
			children = (
				86FB95992A2113660069BFA1 /* ContentView.swift */,
				869CBDE82A27FA61006171DD /* Dialogs */,
				86B897B12A27D14200D0D633 /* Auth */,
				8624F3E32A266E8800FA20B1 /* Messages */,
				8624F3DD2A266CE900FA20B1 /* Settings.swift */,
				8686099A2A2B812600611BC6 /* Friends */,
			);
			path = Views;
			sourceTree = "<group>";
		};
		860FC3A32A26188B00922426 /* Model */ = {
			isa = PBXGroup;
			children = (
				8608162E2A27589E00AF16C7 /* Dialogs.swift */,
				86B897B22A27D32700D0D633 /* VKDelegate.swift */,
			);
			path = Model;
			sourceTree = "<group>";
		};
		8624F3E32A266E8800FA20B1 /* Messages */ = {
			isa = PBXGroup;
			children = (
				8624F3DB2A266C1F00FA20B1 /* Messages.swift */,
				8624F3E12A266E7F00FA20B1 /* MessageRow.swift */,
				8624F3E42A26748700FA20B1 /* Online.swift */,
				8624F3EA2A26C36800FA20B1 /* ReadStatus.swift */,
				867EC29D2A295AE80003645F /* UnreadCountCircle.swift */,
			);
			path = Messages;
			sourceTree = "<group>";
		};
		8686099A2A2B812600611BC6 /* Friends */ = {
			isa = PBXGroup;
			children = (
				8624F3DF2A266D2A00FA20B1 /* Friends.swift */,
				8686099B2A2B81F000611BC6 /* Friend.swift */,
			);
			path = Friends;
			sourceTree = "<group>";
		};
		869CBDE82A27FA61006171DD /* Dialogs */ = {
			isa = PBXGroup;
			children = (
				8608162B2A2756CD00AF16C7 /* DialogPage.swift */,
				869CBDE62A27FA57006171DD /* SendedMessage.swift */,
				867EC29B2A2957500003645F /* DialogNavbar.swift */,
				866666FF2A2A10CB0089A054 /* MessageInput.swift */,
			);
			path = Dialogs;
			sourceTree = "<group>";
		};
		86B897B12A27D14200D0D633 /* Auth */ = {
			isa = PBXGroup;
			children = (
				86B897AF2A27D13D00D0D633 /* Login.swift */,
			);
			path = Auth;
			sourceTree = "<group>";
		};
		86FB958B2A2113660069BFA1 = {
			isa = PBXGroup;
			children = (
				86FB95962A2113660069BFA1 /* IosApp */,
				BCA91F9492B002EF1FF59CFF /* Pods */,
				0BA171BFDF686112A48D4262 /* Frameworks */,
				86B897AC2A27D0C000D0D633 /* Весточка.app */,
			);
			sourceTree = "<group>";
		};
		86FB95962A2113660069BFA1 /* IosApp */ = {
			isa = PBXGroup;
			children = (
				86B897B42A27DE7500D0D633 /* Info.plist */,
				86FB959D2A2113680069BFA1 /* Preview Content */,
				86FB959B2A2113680069BFA1 /* Assets.xcassets */,
				86FB95972A2113660069BFA1 /* AppInstance.swift */,
				860FC3A32A26188B00922426 /* Model */,
				860FC3A22A26181A00922426 /* Views */,
			);
			path = IosApp;
			sourceTree = "<group>";
		};
		86FB959D2A2113680069BFA1 /* Preview Content */ = {
			isa = PBXGroup;
			children = (
				86FB959E2A2113680069BFA1 /* Preview Assets.xcassets */,
			);
			path = "Preview Content";
			sourceTree = "<group>";
		};
		BCA91F9492B002EF1FF59CFF /* Pods */ = {
			isa = PBXGroup;
			children = (
				92B9725D222C70BBA5F0B783 /* Pods-IosApp.debug.xcconfig */,
				72B26015A56371F28C623B88 /* Pods-IosApp.release.xcconfig */,
			);
			path = Pods;
			sourceTree = "<group>";
		};
/* End PBXGroup section */

/* Begin PBXNativeTarget section */
		86FB95932A2113660069BFA1 /* Весточка */ = {
			isa = PBXNativeTarget;
			buildConfigurationList = 86FB95A22A2113680069BFA1 /* Build configuration list for PBXNativeTarget "Весточка" */;
			buildPhases = (
				F04B4023284610B6B8871630 /* [CP] Check Pods Manifest.lock */,
				86FB95902A2113660069BFA1 /* Sources */,
				86FB95912A2113660069BFA1 /* Frameworks */,
				86FB95922A2113660069BFA1 /* Resources */,
				53D111BA293FD84F6475D0C1 /* [CP] Embed Pods Frameworks */,
			);
			buildRules = (
			);
			dependencies = (
			);
			name = "Весточка";
			productName = IosApp;
			productReference = 86B897AC2A27D0C000D0D633 /* Весточка.app */;
			productType = "com.apple.product-type.application";
		};
/* End PBXNativeTarget section */

/* Begin PBXProject section */
		86FB958C2A2113660069BFA1 /* Project object */ = {
			isa = PBXProject;
			attributes = {
				BuildIndependentTargetsInParallel = 1;
				LastSwiftUpdateCheck = 1420;
				LastUpgradeCheck = 1420;
				TargetAttributes = {
					86FB95932A2113660069BFA1 = {
						CreatedOnToolsVersion = 14.2;
					};
				};
			};
			buildConfigurationList = 86FB958F2A2113660069BFA1 /* Build configuration list for PBXProject "Весточка" */;
			compatibilityVersion = "Xcode 14.0";
			developmentRegion = en;
			hasScannedForEncodings = 0;
			knownRegions = (
				en,
				Base,
			);
			mainGroup = 86FB958B2A2113660069BFA1;
			productRefGroup = 86FB958B2A2113660069BFA1;
			projectDirPath = "";
			projectRoot = "";
			targets = (
				86FB95932A2113660069BFA1 /* Весточка */,
			);
		};
/* End PBXProject section */

/* Begin PBXResourcesBuildPhase section */
		86FB95922A2113660069BFA1 /* Resources */ = {
			isa = PBXResourcesBuildPhase;
			buildActionMask = 2147483647;
			files = (
				86FB959F2A2113680069BFA1 /* Preview Assets.xcassets in Resources */,
				86FB959C2A2113680069BFA1 /* Assets.xcassets in Resources */,
			);
			runOnlyForDeploymentPostprocessing = 0;
		};
/* End PBXResourcesBuildPhase section */

/* Begin PBXShellScriptBuildPhase section */
		53D111BA293FD84F6475D0C1 /* [CP] Embed Pods Frameworks */ = {
			isa = PBXShellScriptBuildPhase;
			buildActionMask = 2147483647;
			files = (
			);
			inputFileListPaths = (
				"${PODS_ROOT}/Target Support Files/Pods-IosApp/Pods-IosApp-frameworks-${CONFIGURATION}-input-files.xcfilelist",
			);
			name = "[CP] Embed Pods Frameworks";
			outputFileListPaths = (
				"${PODS_ROOT}/Target Support Files/Pods-IosApp/Pods-IosApp-frameworks-${CONFIGURATION}-output-files.xcfilelist",
			);
			runOnlyForDeploymentPostprocessing = 0;
			shellPath = /bin/sh;
			shellScript = "\"${PODS_ROOT}/Target Support Files/Pods-IosApp/Pods-IosApp-frameworks.sh\"\n";
			showEnvVarsInLog = 0;
		};
		F04B4023284610B6B8871630 /* [CP] Check Pods Manifest.lock */ = {
			isa = PBXShellScriptBuildPhase;
			buildActionMask = 2147483647;
			files = (
			);
			inputFileListPaths = (
			);
			inputPaths = (
				"${PODS_PODFILE_DIR_PATH}/Podfile.lock",
				"${PODS_ROOT}/Manifest.lock",
			);
			name = "[CP] Check Pods Manifest.lock";
			outputFileListPaths = (
			);
			outputPaths = (
				"$(DERIVED_FILE_DIR)/Pods-IosApp-checkManifestLockResult.txt",
			);
			runOnlyForDeploymentPostprocessing = 0;
			shellPath = /bin/sh;
			shellScript = "diff \"${PODS_PODFILE_DIR_PATH}/Podfile.lock\" \"${PODS_ROOT}/Manifest.lock\" > /dev/null\nif [ $? != 0 ] ; then\n    # print error to STDERR\n    echo \"error: The sandbox is not in sync with the Podfile.lock. Run 'pod install' or update your CocoaPods installation.\" >&2\n    exit 1\nfi\n# This output is used by Xcode 'outputs' to avoid re-running this script phase.\necho \"SUCCESS\" > \"${SCRIPT_OUTPUT_FILE_0}\"\n";
			showEnvVarsInLog = 0;
		};
/* End PBXShellScriptBuildPhase section */

/* Begin PBXSourcesBuildPhase section */
		86FB95902A2113660069BFA1 /* Sources */ = {
			isa = PBXSourcesBuildPhase;
			buildActionMask = 2147483647;
			files = (
				8608162F2A27589E00AF16C7 /* Dialogs.swift in Sources */,
				86FB959A2A2113660069BFA1 /* ContentView.swift in Sources */,
				866667002A2A10CB0089A054 /* MessageInput.swift in Sources */,
				86B897B02A27D13D00D0D633 /* Login.swift in Sources */,
				869CBDE72A27FA57006171DD /* SendedMessage.swift in Sources */,
				8624F3DC2A266C1F00FA20B1 /* Messages.swift in Sources */,
				8608162C2A2756CD00AF16C7 /* DialogPage.swift in Sources */,
				8624F3E52A26748700FA20B1 /* Online.swift in Sources */,
				8624F3DE2A266CE900FA20B1 /* Settings.swift in Sources */,
				8624F3E22A266E7F00FA20B1 /* MessageRow.swift in Sources */,
				8624F3E02A266D2A00FA20B1 /* Friends.swift in Sources */,
				8624F3EB2A26C36800FA20B1 /* ReadStatus.swift in Sources */,
				867EC29C2A2957500003645F /* DialogNavbar.swift in Sources */,
				867EC29E2A295AE80003645F /* UnreadCountCircle.swift in Sources */,
				8686099C2A2B81F000611BC6 /* Friend.swift in Sources */,
				86FB95982A2113660069BFA1 /* AppInstance.swift in Sources */,
				86B897B32A27D32700D0D633 /* VKDelegate.swift in Sources */,
			);
			runOnlyForDeploymentPostprocessing = 0;
		};
/* End PBXSourcesBuildPhase section */

/* Begin XCBuildConfiguration section */
		86FB95A02A2113680069BFA1 /* Debug */ = {
			isa = XCBuildConfiguration;
			buildSettings = {
				ALWAYS_SEARCH_USER_PATHS = NO;
				CLANG_ANALYZER_NONNULL = YES;
				CLANG_ANALYZER_NUMBER_OBJECT_CONVERSION = YES_AGGRESSIVE;
				CLANG_CXX_LANGUAGE_STANDARD = "gnu++20";
				CLANG_ENABLE_MODULES = YES;
				CLANG_ENABLE_OBJC_ARC = YES;
				CLANG_ENABLE_OBJC_WEAK = YES;
				CLANG_WARN_BLOCK_CAPTURE_AUTORELEASING = YES;
				CLANG_WARN_BOOL_CONVERSION = YES;
				CLANG_WARN_COMMA = YES;
				CLANG_WARN_CONSTANT_CONVERSION = YES;
				CLANG_WARN_DEPRECATED_OBJC_IMPLEMENTATIONS = YES;
				CLANG_WARN_DIRECT_OBJC_ISA_USAGE = YES_ERROR;
				CLANG_WARN_DOCUMENTATION_COMMENTS = YES;
				CLANG_WARN_EMPTY_BODY = YES;
				CLANG_WARN_ENUM_CONVERSION = YES;
				CLANG_WARN_INFINITE_RECURSION = YES;
				CLANG_WARN_INT_CONVERSION = YES;
				CLANG_WARN_NON_LITERAL_NULL_CONVERSION = YES;
				CLANG_WARN_OBJC_IMPLICIT_RETAIN_SELF = YES;
				CLANG_WARN_OBJC_LITERAL_CONVERSION = YES;
				CLANG_WARN_OBJC_ROOT_CLASS = YES_ERROR;
				CLANG_WARN_QUOTED_INCLUDE_IN_FRAMEWORK_HEADER = YES;
				CLANG_WARN_RANGE_LOOP_ANALYSIS = YES;
				CLANG_WARN_STRICT_PROTOTYPES = YES;
				CLANG_WARN_SUSPICIOUS_MOVE = YES;
				CLANG_WARN_UNGUARDED_AVAILABILITY = YES_AGGRESSIVE;
				CLANG_WARN_UNREACHABLE_CODE = YES;
				CLANG_WARN__DUPLICATE_METHOD_MATCH = YES;
				COPY_PHASE_STRIP = NO;
				DEBUG_INFORMATION_FORMAT = dwarf;
				ENABLE_STRICT_OBJC_MSGSEND = YES;
				ENABLE_TESTABILITY = YES;
				GCC_C_LANGUAGE_STANDARD = gnu11;
				GCC_DYNAMIC_NO_PIC = NO;
				GCC_NO_COMMON_BLOCKS = YES;
				GCC_OPTIMIZATION_LEVEL = 0;
				GCC_PREPROCESSOR_DEFINITIONS = (
					"DEBUG=1",
					"$(inherited)",
				);
				GCC_WARN_64_TO_32_BIT_CONVERSION = YES;
				GCC_WARN_ABOUT_RETURN_TYPE = YES_ERROR;
				GCC_WARN_UNDECLARED_SELECTOR = YES;
				GCC_WARN_UNINITIALIZED_AUTOS = YES_AGGRESSIVE;
				GCC_WARN_UNUSED_FUNCTION = YES;
				GCC_WARN_UNUSED_VARIABLE = YES;
				IPHONEOS_DEPLOYMENT_TARGET = 16.1;
				MTL_ENABLE_DEBUG_INFO = INCLUDE_SOURCE;
				MTL_FAST_MATH = YES;
				ONLY_ACTIVE_ARCH = YES;
				SDKROOT = iphoneos;
				SWIFT_ACTIVE_COMPILATION_CONDITIONS = DEBUG;
				SWIFT_OPTIMIZATION_LEVEL = "-Onone";
			};
			name = Debug;
		};
		86FB95A12A2113680069BFA1 /* Release */ = {
			isa = XCBuildConfiguration;
			buildSettings = {
				ALWAYS_SEARCH_USER_PATHS = NO;
				CLANG_ANALYZER_NONNULL = YES;
				CLANG_ANALYZER_NUMBER_OBJECT_CONVERSION = YES_AGGRESSIVE;
				CLANG_CXX_LANGUAGE_STANDARD = "gnu++20";
				CLANG_ENABLE_MODULES = YES;
				CLANG_ENABLE_OBJC_ARC = YES;
				CLANG_ENABLE_OBJC_WEAK = YES;
				CLANG_WARN_BLOCK_CAPTURE_AUTORELEASING = YES;
				CLANG_WARN_BOOL_CONVERSION = YES;
				CLANG_WARN_COMMA = YES;
				CLANG_WARN_CONSTANT_CONVERSION = YES;
				CLANG_WARN_DEPRECATED_OBJC_IMPLEMENTATIONS = YES;
				CLANG_WARN_DIRECT_OBJC_ISA_USAGE = YES_ERROR;
				CLANG_WARN_DOCUMENTATION_COMMENTS = YES;
				CLANG_WARN_EMPTY_BODY = YES;
				CLANG_WARN_ENUM_CONVERSION = YES;
				CLANG_WARN_INFINITE_RECURSION = YES;
				CLANG_WARN_INT_CONVERSION = YES;
				CLANG_WARN_NON_LITERAL_NULL_CONVERSION = YES;
				CLANG_WARN_OBJC_IMPLICIT_RETAIN_SELF = YES;
				CLANG_WARN_OBJC_LITERAL_CONVERSION = YES;
				CLANG_WARN_OBJC_ROOT_CLASS = YES_ERROR;
				CLANG_WARN_QUOTED_INCLUDE_IN_FRAMEWORK_HEADER = YES;
				CLANG_WARN_RANGE_LOOP_ANALYSIS = YES;
				CLANG_WARN_STRICT_PROTOTYPES = YES;
				CLANG_WARN_SUSPICIOUS_MOVE = YES;
				CLANG_WARN_UNGUARDED_AVAILABILITY = YES_AGGRESSIVE;
				CLANG_WARN_UNREACHABLE_CODE = YES;
				CLANG_WARN__DUPLICATE_METHOD_MATCH = YES;
				COPY_PHASE_STRIP = NO;
				DEBUG_INFORMATION_FORMAT = "dwarf-with-dsym";
				ENABLE_NS_ASSERTIONS = NO;
				ENABLE_STRICT_OBJC_MSGSEND = YES;
				GCC_C_LANGUAGE_STANDARD = gnu11;
				GCC_NO_COMMON_BLOCKS = YES;
				GCC_WARN_64_TO_32_BIT_CONVERSION = YES;
				GCC_WARN_ABOUT_RETURN_TYPE = YES_ERROR;
				GCC_WARN_UNDECLARED_SELECTOR = YES;
				GCC_WARN_UNINITIALIZED_AUTOS = YES_AGGRESSIVE;
				GCC_WARN_UNUSED_FUNCTION = YES;
				GCC_WARN_UNUSED_VARIABLE = YES;
				IPHONEOS_DEPLOYMENT_TARGET = 16.1;
				MTL_ENABLE_DEBUG_INFO = NO;
				MTL_FAST_MATH = YES;
				SDKROOT = iphoneos;
				SWIFT_COMPILATION_MODE = wholemodule;
				SWIFT_OPTIMIZATION_LEVEL = "-O";
				VALIDATE_PRODUCT = YES;
			};
			name = Release;
		};
		86FB95A32A2113680069BFA1 /* Debug */ = {
			isa = XCBuildConfiguration;
			baseConfigurationReference = 92B9725D222C70BBA5F0B783 /* Pods-IosApp.debug.xcconfig */;
			buildSettings = {
				ASSETCATALOG_COMPILER_APPICON_NAME = AppIcon;
				ASSETCATALOG_COMPILER_GLOBAL_ACCENT_COLOR_NAME = AccentColor;
				ASSETCATALOG_COMPILER_INCLUDE_ALL_APPICON_ASSETS = YES;
				CODE_SIGN_STYLE = Automatic;
				CURRENT_PROJECT_VERSION = 1;
				DEVELOPMENT_ASSET_PATHS = "\"IosApp/Preview Content\"";
				DEVELOPMENT_TEAM = UZLQC3X283;
				ENABLE_PREVIEWS = YES;
				GENERATE_INFOPLIST_FILE = YES;
				INFOPLIST_FILE = IosApp/Info.plist;
				INFOPLIST_KEY_UIApplicationSceneManifest_Generation = YES;
				INFOPLIST_KEY_UIApplicationSupportsIndirectInputEvents = YES;
				INFOPLIST_KEY_UILaunchScreen_Generation = YES;
				INFOPLIST_KEY_UISupportedInterfaceOrientations_iPad = "UIInterfaceOrientationPortrait UIInterfaceOrientationPortraitUpsideDown UIInterfaceOrientationLandscapeLeft UIInterfaceOrientationLandscapeRight";
				INFOPLIST_KEY_UISupportedInterfaceOrientations_iPhone = "UIInterfaceOrientationPortrait UIInterfaceOrientationLandscapeLeft UIInterfaceOrientationLandscapeRight";
				IPHONEOS_DEPLOYMENT_TARGET = 16.1;
				LD_RUNPATH_SEARCH_PATHS = (
					"$(inherited)",
					"@executable_path/Frameworks",
				);
				MARKETING_VERSION = 1.0;
				PRODUCT_BUNDLE_IDENTIFIER = vladislavsivolobov.IosApp;
				PRODUCT_NAME = "$(TARGET_NAME)";
				SWIFT_EMIT_LOC_STRINGS = YES;
				SWIFT_VERSION = 5.0;
				TARGETED_DEVICE_FAMILY = "1,2";
			};
			name = Debug;
		};
		86FB95A42A2113680069BFA1 /* Release */ = {
			isa = XCBuildConfiguration;
			baseConfigurationReference = 72B26015A56371F28C623B88 /* Pods-IosApp.release.xcconfig */;
			buildSettings = {
				ASSETCATALOG_COMPILER_APPICON_NAME = AppIcon;
				ASSETCATALOG_COMPILER_GLOBAL_ACCENT_COLOR_NAME = AccentColor;
				ASSETCATALOG_COMPILER_INCLUDE_ALL_APPICON_ASSETS = YES;
				CODE_SIGN_STYLE = Automatic;
				CURRENT_PROJECT_VERSION = 1;
				DEVELOPMENT_ASSET_PATHS = "\"IosApp/Preview Content\"";
				DEVELOPMENT_TEAM = UZLQC3X283;
				ENABLE_PREVIEWS = YES;
				GENERATE_INFOPLIST_FILE = YES;
				INFOPLIST_FILE = IosApp/Info.plist;
				INFOPLIST_KEY_UIApplicationSceneManifest_Generation = YES;
				INFOPLIST_KEY_UIApplicationSupportsIndirectInputEvents = YES;
				INFOPLIST_KEY_UILaunchScreen_Generation = YES;
				INFOPLIST_KEY_UISupportedInterfaceOrientations_iPad = "UIInterfaceOrientationPortrait UIInterfaceOrientationPortraitUpsideDown UIInterfaceOrientationLandscapeLeft UIInterfaceOrientationLandscapeRight";
				INFOPLIST_KEY_UISupportedInterfaceOrientations_iPhone = "UIInterfaceOrientationPortrait UIInterfaceOrientationLandscapeLeft UIInterfaceOrientationLandscapeRight";
				IPHONEOS_DEPLOYMENT_TARGET = 16.1;
				LD_RUNPATH_SEARCH_PATHS = (
					"$(inherited)",
					"@executable_path/Frameworks",
				);
				MARKETING_VERSION = 1.0;
				PRODUCT_BUNDLE_IDENTIFIER = vladislavsivolobov.IosApp;
				PRODUCT_NAME = "$(TARGET_NAME)";
				SWIFT_EMIT_LOC_STRINGS = YES;
				SWIFT_VERSION = 5.0;
				TARGETED_DEVICE_FAMILY = "1,2";
			};
			name = Release;
		};
/* End XCBuildConfiguration section */

/* Begin XCConfigurationList section */
		86FB958F2A2113660069BFA1 /* Build configuration list for PBXProject "Весточка" */ = {
			isa = XCConfigurationList;
			buildConfigurations = (
				86FB95A02A2113680069BFA1 /* Debug */,
				86FB95A12A2113680069BFA1 /* Release */,
			);
			defaultConfigurationIsVisible = 0;
			defaultConfigurationName = Release;
		};
		86FB95A22A2113680069BFA1 /* Build configuration list for PBXNativeTarget "Весточка" */ = {
			isa = XCConfigurationList;
			buildConfigurations = (
				86FB95A32A2113680069BFA1 /* Debug */,
				86FB95A42A2113680069BFA1 /* Release */,
			);
			defaultConfigurationIsVisible = 0;
			defaultConfigurationName = Release;
		};
/* End XCConfigurationList section */
	};
	rootObject = 86FB958C2A2113660069BFA1 /* Project object */;
}
